{
    "version": 3,
    "terraform_version": "0.11.13",
    "serial": 5,
    "lineage": "913f54d6-fba6-adda-ac3f-716c0402bfd4",
    "modules": [
        {
            "path": [
                "root"
            ],
            "outputs": {
                "apps_domain": {
                    "sensitive": false,
                    "type": "string",
                    "value": "apps.aws-pivotal.dcp-greendot.com"
                },
                "aws_ec2_interface_endpoint_ips": {
                    "sensitive": false,
                    "type": "list",
                    "value": []
                },
                "aws_lb_interface_endpoint_ips": {
                    "sensitive": false,
                    "type": "list",
                    "value": []
                },
                "azs": {
                    "sensitive": false,
                    "type": "list",
                    "value": [
                        "us-west-2a",
                        "us-west-2b"
                    ]
                },
                "blobstore_kms_key_id": {
                    "sensitive": false,
                    "type": "string",
                    "value": "17b463ca-6612-4016-bb02-a4c5effa14bc"
                },
                "dns_zone_id": {
                    "sensitive": false,
                    "type": "string",
                    "value": "ZMO34VG5NSSCS"
                },
                "env_dns_zone_name_servers": {
                    "sensitive": false,
                    "type": "list",
                    "value": [
                        "ns-1523.awsdns-62.org.",
                        "ns-2041.awsdns-63.co.uk.",
                        "ns-262.awsdns-32.com.",
                        "ns-809.awsdns-37.net."
                    ]
                },
                "iaas": {
                    "sensitive": false,
                    "type": "string",
                    "value": "aws"
                },
                "infrastructure_subnet_availability_zones": {
                    "sensitive": false,
                    "type": "list",
                    "value": [
                        "us-west-2a",
                        "us-west-2b"
                    ]
                },
                "infrastructure_subnet_cidrs": {
                    "sensitive": false,
                    "type": "list",
                    "value": [
                        "10.2.16.0/28",
                        "10.2.16.16/28"
                    ]
                },
                "infrastructure_subnet_gateways": {
                    "sensitive": false,
                    "type": "list",
                    "value": [
                        "10.2.16.1",
                        "10.2.16.17"
                    ]
                },
                "infrastructure_subnet_ids": {
                    "sensitive": false,
                    "type": "list",
                    "value": [
                        "subnet-091bddb23634b7874",
                        "subnet-0e47e3ac9f0e9cce4"
                    ]
                },
                "infrastructure_subnets": {
                    "sensitive": false,
                    "type": "list",
                    "value": [
                        "subnet-091bddb23634b7874",
                        "subnet-0e47e3ac9f0e9cce4"
                    ]
                },
                "isoseg_ssl_cert": {
                    "sensitive": true,
                    "type": "string",
                    "value": ""
                },
                "isoseg_ssl_private_key": {
                    "sensitive": true,
                    "type": "string",
                    "value": ""
                },
                "isoseg_target_groups": {
                    "sensitive": false,
                    "type": "list",
                    "value": [
                        "",
                        "",
                        ""
                    ]
                },
                "management_subnet_availability_zones": {
                    "sensitive": false,
                    "type": "list",
                    "value": [
                        "us-west-2a",
                        "us-west-2b"
                    ]
                },
                "management_subnet_cidrs": {
                    "sensitive": false,
                    "type": "list",
                    "value": [
                        "10.2.16.0/28",
                        "10.2.16.16/28"
                    ]
                },
                "management_subnet_gateways": {
                    "sensitive": false,
                    "type": "list",
                    "value": [
                        "10.2.16.1",
                        "10.2.16.17"
                    ]
                },
                "management_subnet_ids": {
                    "sensitive": false,
                    "type": "list",
                    "value": [
                        "subnet-091bddb23634b7874",
                        "subnet-0e47e3ac9f0e9cce4"
                    ]
                },
                "management_subnets": {
                    "sensitive": false,
                    "type": "list",
                    "value": [
                        "subnet-091bddb23634b7874",
                        "subnet-0e47e3ac9f0e9cce4"
                    ]
                },
                "network_name": {
                    "sensitive": false,
                    "type": "string",
                    "value": "vpc-0d2c8bec11ea6811d"
                },
                "ops_manager_dns": {
                    "sensitive": false,
                    "type": "string",
                    "value": "pcf.aws-pivotal.dcp-greendot.com"
                },
                "ops_manager_iam_instance_profile_name": {
                    "sensitive": false,
                    "type": "string",
                    "value": "aws-pivotal_ops_manager"
                },
                "ops_manager_iam_user_access_key": {
                    "sensitive": false,
                    "type": "string",
                    "value": "AKIAJOR4XYWHALKXXMTA"
                },
                "ops_manager_iam_user_name": {
                    "sensitive": false,
                    "type": "string",
                    "value": "aws-pivotal_om_user"
                },
                "ops_manager_iam_user_secret_key": {
                    "sensitive": true,
                    "type": "string",
                    "value": "hNbgkD14Ly762bq1PJUqnV+8hJB1OrkD7ZWLEmsr"
                },
                "ops_manager_ip": {
                    "sensitive": false,
                    "type": "string",
                    "value": "10.2.0.9"
                },
                "ops_manager_private_ip": {
                    "sensitive": false,
                    "type": "string",
                    "value": "10.2.0.9"
                },
                "ops_manager_public_ip": {
                    "sensitive": false,
                    "type": "string",
                    "value": "52.40.15.166"
                },
                "ops_manager_security_group_id": {
                    "sensitive": false,
                    "type": "string",
                    "value": "sg-0ba728c2755abad29"
                },
                "ops_manager_ssh_private_key": {
                    "sensitive": true,
                    "type": "string",
                    "value": "-----BEGIN RSA PRIVATE KEY-----\nMIIJKwIBAAKCAgEA0mYhVHIncehpijKoWtI0CSepZ9/sGPvfX8mwkPa8AoCB3mrN\nZe2yd/Yt7+jwgFA3RqRS8dkiFItQuZ4isPsgc+O7hiJZZtenGdLfKJGW7Pv8kEFQ\nC3nGtqX/6bAjVnBl4CGyVwUkfjLn3vBQfB53vAUD0B/ZiCcSTrB8Y2KZdIqd9kB3\nE9gMRvRwZ1v1LsYKA7i9zEUdoeq1QlLX0zDxD/0/nA4IzuPqOLc78Ogcy1HNv060\nRDj1STNKR0F1CspXyPUVzt5P7q0XSMDRlTiWCchhoAad54Xex8kNnKds1TJkhm1s\nevGRTMto3B7NPXRYzZiHBjpq7ZHl5uFQG4pD9ILtaF8fk5SDrqY3ff7YzG1IltJw\nytzPNXiyHRgOFlnaXtsmSTPxuq0pQzTzvNh+aEFx7eGcFcHc0WyumrkkuSpf+aFD\nVT0TKsDGr5MssgwkifaJkdc4BWLNzMAkAyJWD78k6ivTizczI6X5hAZ64RNoF00e\nfF1Y9qI2Bz9q8yj/sgN6/WiH7FxrSGN7bPPLX8thxKK5GewYwd4S/XOl1x0D8FDg\nNOFF7N9QGeNrQ8RVgbuGRWem0Rqicd2MQKcic+LDbkvaSUEat+4kEX5alAWCRXXG\nW9vwdXlktmNoaHTuj59NB2O9UnLusent3xOkxsRa2KWJxpmD/mnQiOTzZ3MCAwEA\nAQKCAgEApI3+OWbC1QMaMF0ocUgALLzZcQWgSXYNIYTEVMy1BRvu9r7/gF3k/JAN\nI5tDJogWg2iX+tGBJyJC87nrlhIDMsCFdQY+eAHojnjv0nHz4cu/oC+E5ETNFyND\nwUjiioOEGkUgj5DVFuLHmQTJXhoSOXqOneObJjKwzdyYnL6MGKslmmiW+W07RO9/\nTkeMvpVjVb/SqgXQhEfmlkXmySV5FLFUY8BSQUXedZdSCTvw8VA8pAhxUv5dUXAN\nAyf923+gIusUsGQNjjXQhTVRdez45BPVzuv96gs4z3a+76u+ogw0tTK16n4uzyo0\nDB0HFq59medWi5d68+3tKqNEHRYJyLLQJpbeF/vFkGnkiNINW8EBROt245X1/DIx\n/FArjj+4cNpXg2kx67jhvo/tWH4gbQkXQy0HdgQ/7MA06o+nmpA49ZV+lit8WaXq\nmPzukNFcbS0Szv9zfHy6vMMzUuLocgsrIo7MFOqrl8OsFpp+wQiP5oJTsHpGaFs0\nAs9dus0m7ZT/aE47twRDcKCmpxKCKm1ymrg9OvSQscKGLvpnD97UqAgZ5LKG7MCC\nUjxwa/dAc/w+PaPgKkvsstbJGZurQmQzad+dRyF8X5X9lDdAFErP2uv5z0DS1qFY\nkHGyfF+VXyZhQproaIn/GC2RzP9UJvSzgHqruWmhFv+QyKbQ1YkCggEBAO2W/NWV\nK3r38i/bFxd7iQaDpsor8Cmjc3RMWPZp9DdTkc/z3NVuAffGHJVoTzgjBBNgWaK4\nJk70W8EnnkIiEHo7cXt8Lzqo8V9DuyXGtXeG3XIJfuxuRyW6fBTfk4UIqqKGMNzM\ntT30P+uopjnyv/P61Giu+kmbJfYOCTwiVut1rbtZ/HSVZwf1mvqwCjm2r6Rr/Rpg\njitycJrLmOSJkoZuYKRxNU5GJ02vDAZyJ39s0vARcUMT5A4iT1QXKnDYqzSTvzJ4\nEj9g7Xpf4ADrh+eDIkaU5AIeq0q9fSfQykVwOKuWiq6ouxoohB+GMtWV0axqYKlz\nwlBLBe4MxxgcL28CggEBAOKzw55+cNIc1W6o5zpca5HlarZJQ55r0h5MO2XZ0kwg\ndkbDibpcUh+tOJ/0Y6e21rW55TbNGwRNLXHc93Ulifz0XxS9tKZ4PiyarcnQD09f\nLQCFtQ9x4FHOZj2E4kFz8oGd3wWlK8Y621xceNvAxhADqJP21BS8Zgc1QJ3mGBpj\nvZxdfWf6YsS8xhYgBx45H3NBRkhDMZbEnz/5DCoc10aEBsRm+7dmhV5APkKvwpNe\nldla0XcbpyQmM4K4XWn4qfZaFh6MEc3pMVSzPHVn/1oYD585kCFzBJx8Jw6EjcS5\nQWHbsNftM+uh6dKvlHaW+Xv+4wE0TDBwB/zoML0Yhj0CggEBAIGodWBFoM3hw+xz\n3v00sIm6jOol4lGG3rnn9GC9X8ZVt+xJhAmBmFdUaULsAtd63H2KhkAzyMwrtGsL\nqOUkW+Oozvx5v/h+PAMmHlq2P0/0bKMQJZD3eaJQS+jEPmhKW3yISOAmYv5lbgC4\nL8bOAA0wpHxgiTxkC+pkrIuBnfevZ9kneYtSAUEpuqL2MQ5f8SiEukKL0OpK8MK5\nOz31Cd6NG/aBxXpq9IYDckeOQpnalJ7olevqTfmcpbgZUFL3Gy99NclgF205A0BW\nVBOMdcVVHf5wwKGbhRUrpcJ1wfz1Cigx5or8j+btl3Twsos20I8MGqY/Axr4ZksL\n9BbnQscCggEBAIsSVFMKphN/dL9qBk+bGrJp1sj0sPKimkfT5CxbL9NbprNKiVc2\nA3tDPJWDyw6774OUArVXpddBsTtEntnSqY/wKdQDfKsS4LFkQnCnnnzGmkjTvXs4\nFLCaucXLmzEj/ATf4E0KQoxc1u0WHV5SKC7yz5vVs8z0tnJ9jKJQ4UBvJ4ahI6mB\nxM2EMNCp3TQBPvXpeUAjWGxxOnB4S6oZ/0ZW///EXW7pCbAEIS2vvOHDCJJKUG2N\nHT/j3321tDiqPznNkfwzWUjEYWrgeZpcrh2K3SqEmZKriIym7R7O2llwfFeX+ii8\nbzmCHnsNEzqc63fRqVi3yHV+hKf1mNCoFtECggEBAJSa7DueKuuroYt2UKgNUpW8\nKQE2VCN1vH2eaHqmkD1klEiR984BPuhEZlQJeLfl3WjP82d8WHMT4eDhLafSnX/a\n6/+jVlzuVi6F6Nw+x9PZhBEfgJ5rAv7t8SqBM386fiL8/C+tqyfMwVNiZ0OTQOAe\nSfv49LEi81fRPhVbIHVoLGfUJQctDXgclXc3EeCbKEuLD5pT1NlSnWZuph+0kaK8\nP8haReShoslC2hVnwuHgilT/DNGDscHDnLYYiV604EPqkQPzaF829W1Yz2/Kr8sb\nw+4wVw0ttN/f8t2+5QYF5ywHUlX2JnRQtDb8dH51nOdpaSis5rOUBziBX3WBPfU=\n-----END RSA PRIVATE KEY-----\n"
                },
                "ops_manager_ssh_public_key": {
                    "sensitive": false,
                    "type": "string",
                    "value": "ssh-rsa AAAAB3NzaC1yc2EAAAADAQABAAACAQDSZiFUcidx6GmKMqha0jQJJ6ln3+wY+99fybCQ9rwCgIHeas1l7bJ39i3v6PCAUDdGpFLx2SIUi1C5niKw+yBz47uGIllm16cZ0t8okZbs+/yQQVALeca2pf/psCNWcGXgIbJXBSR+Mufe8FB8Hne8BQPQH9mIJxJOsHxjYpl0ip32QHcT2AxG9HBnW/UuxgoDuL3MRR2h6rVCUtfTMPEP/T+cDgjO4+o4tzvw6BzLUc2/TrREOPVJM0pHQXUKylfI9RXO3k/urRdIwNGVOJYJyGGgBp3nhd7HyQ2cp2zVMmSGbWx68ZFMy2jcHs09dFjNmIcGOmrtkeXm4VAbikP0gu1oXx+TlIOupjd9/tjMbUiW0nDK3M81eLIdGA4WWdpe2yZJM/G6rSlDNPO82H5oQXHt4ZwVwdzRbK6auSS5Kl/5oUNVPRMqwMavkyyyDCSJ9omR1zgFYs3MwCQDIlYPvyTqK9OLNzMjpfmEBnrhE2gXTR58XVj2ojYHP2rzKP+yA3r9aIfsXGtIY3ts88tfy2HEorkZ7BjB3hL9c6XXHQPwUOA04UXs31AZ42tDxFWBu4ZFZ6bRGqJx3YxApyJz4sNuS9pJQRq37iQRflqUBYJFdcZb2/B1eWS2Y2hodO6Pn00HY71Scu6x6e3fE6TGxFrYpYnGmYP+adCI5PNncw=="
                },
                "ops_manager_ssh_public_key_name": {
                    "sensitive": false,
                    "type": "string",
                    "value": "aws-pivotal-ops-manager-key"
                },
                "optional_ops_manager_dns": {
                    "sensitive": false,
                    "type": "string",
                    "value": ""
                },
                "pas_bucket_iam_instance_profile_name": {
                    "sensitive": false,
                    "type": "string",
                    "value": "aws-pivotal_pas_bucket_access"
                },
                "pas_buildpacks_backup_bucket": {
                    "sensitive": false,
                    "type": "string",
                    "value": ""
                },
                "pas_droplets_backup_bucket": {
                    "sensitive": false,
                    "type": "string",
                    "value": ""
                },
                "pas_packages_backup_bucket": {
                    "sensitive": false,
                    "type": "string",
                    "value": ""
                },
                "pas_resources_backup_bucket": {
                    "sensitive": false,
                    "type": "string",
                    "value": ""
                },
                "pas_subnet_availability_zones": {
                    "sensitive": false,
                    "type": "list",
                    "value": [
                        "us-west-2a",
                        "us-west-2b"
                    ]
                },
                "pas_subnet_cidrs": {
                    "sensitive": false,
                    "type": "list",
                    "value": [
                        "10.2.4.0/24",
                        "10.2.5.0/24"
                    ]
                },
                "pas_subnet_gateways": {
                    "sensitive": false,
                    "type": "list",
                    "value": [
                        "10.2.4.1",
                        "10.2.5.1"
                    ]
                },
                "pas_subnet_ids": {
                    "sensitive": false,
                    "type": "list",
                    "value": [
                        "subnet-0f9cb5b2bf9db4e49",
                        "subnet-009db8aec7c358693"
                    ]
                },
                "pas_subnets": {
                    "sensitive": false,
                    "type": "list",
                    "value": [
                        "subnet-0f9cb5b2bf9db4e49",
                        "subnet-009db8aec7c358693"
                    ]
                },
                "public_subnet_availability_zones": {
                    "sensitive": false,
                    "type": "list",
                    "value": [
                        "us-west-2a",
                        "us-west-2b"
                    ]
                },
                "public_subnet_cidrs": {
                    "sensitive": false,
                    "type": "list",
                    "value": [
                        "10.2.0.0/24",
                        "10.2.1.0/24"
                    ]
                },
                "public_subnet_ids": {
                    "sensitive": false,
                    "type": "list",
                    "value": [
                        "subnet-09f867eae6b7a5f08",
                        "subnet-0f2be1ac52491db60"
                    ]
                },
                "public_subnets": {
                    "sensitive": false,
                    "type": "list",
                    "value": [
                        "subnet-09f867eae6b7a5f08",
                        "subnet-0f2be1ac52491db60"
                    ]
                },
                "rds_address": {
                    "sensitive": false,
                    "type": "string",
                    "value": ""
                },
                "rds_password": {
                    "sensitive": true,
                    "type": "string",
                    "value": ""
                },
                "rds_port": {
                    "sensitive": false,
                    "type": "string",
                    "value": ""
                },
                "rds_username": {
                    "sensitive": false,
                    "type": "string",
                    "value": ""
                },
                "region": {
                    "sensitive": false,
                    "type": "string",
                    "value": "us-west-2"
                },
                "services_subnet_availability_zones": {
                    "sensitive": false,
                    "type": "list",
                    "value": [
                        "us-west-2a",
                        "us-west-2b"
                    ]
                },
                "services_subnet_cidrs": {
                    "sensitive": false,
                    "type": "list",
                    "value": [
                        "10.2.8.0/24",
                        "10.2.9.0/24"
                    ]
                },
                "services_subnet_gateways": {
                    "sensitive": false,
                    "type": "list",
                    "value": [
                        "10.2.8.1",
                        "10.2.9.1"
                    ]
                },
                "services_subnet_ids": {
                    "sensitive": false,
                    "type": "list",
                    "value": [
                        "subnet-0744d7035bf7fcc4c",
                        "subnet-0f4839fa1fd5b320f"
                    ]
                },
                "services_subnets": {
                    "sensitive": false,
                    "type": "list",
                    "value": [
                        "subnet-0744d7035bf7fcc4c",
                        "subnet-0f4839fa1fd5b320f"
                    ]
                },
                "ssh_target_groups": {
                    "sensitive": false,
                    "type": "list",
                    "value": [
                        "aws-pivotal-ssh-tg"
                    ]
                },
                "ssl_cert": {
                    "sensitive": true,
                    "type": "string",
                    "value": "-----BEGIN CERTIFICATE-----\nMIIDwDCCAqigAwIBAgIJAL4+96otfbiyMA0GCSqGSIb3DQEBCwUAMEAxHzAdBgNV\nBAMMFioucGNmLmRjcC1ncmVlbmRvdC5jb20xEDAOBgNVBAoMB1Bpdm90YWwxCzAJ\nBgNVBAYTAlVTMB4XDTE5MDMyMjE1MzcxMFoXDTI5MDMxOTE1MzcxMFowQDEfMB0G\nA1UEAwwWKi5wY2YuZGNwLWdyZWVuZG90LmNvbTEQMA4GA1UECgwHUGl2b3RhbDEL\nMAkGA1UEBhMCVVMwggEiMA0GCSqGSIb3DQEBAQUAA4IBDwAwggEKAoIBAQCoCtEE\ncEle9+hBauUucIkVb4unSLlL9IsOz4Rnj2zOfuNm0nOpnkz4mji4NqoHCSL9JwVH\ndjebZpMj+BYJrYzBvJ7JGuMoM3J8YD5ejFrBEQm3Xklvl4bAukPZ9+7rgqtaOJR4\nxUwxWM/WV0d05jkgUIdQoYRM47wjjandDnEpFadXkgyDjDxKBxz9Prh22+1XGWxf\n7ctz2ocwtuCpKkj0RwY/Lr5OFWyjEIXcR7WllFsWSEncHZ6M0Qni9Q1ITivo3YL5\nVXDHID2r5ayt6lEfEFupBmNtNr4QuiwarbwkpWkPF3zWWR8VqOsUBnwZUMmtM9SW\nfghHcVoUSLd1CJl5AgMBAAGjgbwwgbkwCQYDVR0TBAIwADALBgNVHQ8EBAMCBeAw\ngZ4GA1UdEQSBljCBk4IWKi5wY2YuZGNwLWdyZWVuZG90LmNvbYIaKi5zeXMucGNm\nLmRjcC1ncmVlbmRvdC5jb22CGyouYXBwcy5wY2YuZGNwLWdyZWVuZG90LmNvbYIg\nKi5sb2dpbi5zeXMucGNmLmRjcC1ncmVlbmRvdC5jb22CHioudWFhLnN5cy5wY2Yu\nZGNwLWdyZWVuZG90LmNvbTANBgkqhkiG9w0BAQsFAAOCAQEAl8DDeeO7s5BqlJYk\nOEfeW8FXzJFJgkjKkCd3TG11D93oIOCAFQl5RfsJpI+kS8i62fD99hVEM39rWjJ/\nyJAW6vN9f32vwCMIHiOiGiCDGpFoa43thIWufm0lf6blQoxW5mnGh8AGFYx6+xRJ\nqjpJ6cdxV+hEOK09jSIG/2lFl5yDc5aVSkf4zKOPhfMW9Dryqvy1era1hlvTbkQx\nD17z36QnL3NNwBHU1dxj1fCp1MF352bCgTMmZdPi5UGnniABpeQ1H9e2OCiy0bOP\nNLJH0XKokZndrz18EL8f0eQowXinI5/QVTMCmFg7+oL4RRoTf4JP9s1u8OYNymc/\n2kBPIQ==\n-----END CERTIFICATE-----\n"
                },
                "ssl_private_key": {
                    "sensitive": true,
                    "type": "string",
                    "value": "-----BEGIN EXAMPLE RSA PRIVATE KEY-----\nMIIEpAIBAAKCAQEAqArRBHBJXvfoQWrlLnCJFW+Lp0i5S/SLDs+EZ49szn7jZtJz\nqZ5M+Jo4uDaqBwki/ScFR3Y3m2aTI/gWCa2MwbyeyRrjKDNyfGA+XoxawREJt15J\nb5eGwLpD2ffu64KrWjiUeMVMMVjP1ldHdOY5IFCHUKGETOO8I42p3Q5xKRWnV5IM\ng4w8Sgcc/T64dtvtVxlsX+3Lc9qHMLbgqSpI9EcGPy6+ThVsoxCF3Ee1pZRbFkhJ\n3B2ejNEJ4vUNSE4r6N2C+VVwxyA9q+WsrepRHxBbqQZjbTa+ELosGq28JKVpDxd8\n1lkfFajrFAZ8GVDJrTPUln4IR3FaFEi3dQiZeQIDAQABAoIBAQCnlfnz8kPJ+XTg\nYMnlMYgVH6RoFafuLxjLkXtbiHcbzQHeln2RKHVc7PkqBiI1WBBT5alnJme4jGir\n04uu5SzePc0hhLYMbpp7ncQ1qMYNi39kJx0XtEdIR7rJU3Er4KohFRJFC4a8I/VK\nrspts/g+2PDKIfp+cBQ+ZNaFxhRmwjrgFAsiNQsduhiViX6GHT+q+X/mBq3RuMMQ\nuva5EsBVOOFhmRM0SNWBgTLa1DCCpHnF5apcZ/0ziNpmYtjAtuT2oTd6sofkJMEj\nAoPc+tZlfWQz5QtZvZVjyTKMU1+sfwn1WkeUB1BIgqU/kShYsWQEAF/zN23SLkGI\nkiezF29NAoGBANI3P1aVMFbmfGz5rcVG5jkeAPMT0Z+C5bJ5jRm2I60BNadBc7Ad\nYBnUqHsHbvPLaIuWkpUv18ONhRE6m4JcTBCvhjZEg9m5ULNG8YLeVcJzpeGPffSe\nujIuCqDE2XpjhqB1EDcs2WlHPNS3rXe5RTQYwA1BxT+mbnE9rA+2kdc/AoGBAMyk\nJe/DF838l0trYaZsRqJljApT2/Oxqn2HY7eOWIYuCu7vxvOc+SPno8jHJj4WPFqF\ndT3YCsSJPktEOhIF21S8lNwpFvhvd2ou6ya08G/RwjMPIP4KvETQLSjaNt3vO/RQ\n3HIe7gLBzW7oW2oeio6pRslFeNxlEWMiV1OJ/1lHAoGAMzmnQ5ADQYnU1DFbePE3\n9L8s+A7iS/53vrAEBDnwI55h1qoKaOYfnuvFSoWbMellRm6gtZ388/gubu5bKr8X\nAhHjoKG9h3azBZzKCVvohgPsbjSrOsrbEJNLn7WYUUyjZ8Je+zMAn7juR9+ic8Q/\n6twFILXgPQxvaUTgAsw4ab0CgYA0fJGCWk57taJ0ZJlKHxFKy7LMX0/VxCbPRW9s\n/+RyndKOEA++Ie/ApsPaVkHXwMpACWTVtNimKfFBSsF+J+Rmamvfv+Y1WBmPsXL8\nnYHhnDIr+GBk6An7uE0s4jMaXybIdgjkeExhhqWTIaN4p1awWnheXSQvmviHraIq\nOgW1NwKBgQDDbTdE8v7pB7UbBNtPWPxuSqDAFdZxSoGMgbdp64BLnyKQyEdvlWrO\ntp6/zhZgcq8HNeDrHYc6r8GAyFqdtS1Qkp335zOixHQIjzc4Dgg//s1lJT1HrcCw\nvfv9yKGJWxu4gsgshvZ0QwUy7XJCnr1O4TK/+yvLBiZ2iGrFxkvXVQ==\n-----END EXAMPLE RSA PRIVATE KEY-----\n"
                },
                "sys_domain": {
                    "sensitive": false,
                    "type": "string",
                    "value": "sys.aws-pivotal.dcp-greendot.com"
                },
                "tcp_domain": {
                    "sensitive": false,
                    "type": "string",
                    "value": "tcp.aws-pivotal.dcp-greendot.com"
                },
                "tcp_target_groups": {
                    "sensitive": false,
                    "type": "list",
                    "value": [
                        "aws-pivotal-tg-1024",
                        "aws-pivotal-tg-1025",
                        "aws-pivotal-tg-1026",
                        "aws-pivotal-tg-1027",
                        "aws-pivotal-tg-1028",
                        "aws-pivotal-tg-1029",
                        "aws-pivotal-tg-1030",
                        "aws-pivotal-tg-1031",
                        "aws-pivotal-tg-1032",
                        "aws-pivotal-tg-1033"
                    ]
                },
                "vms_security_group_id": {
                    "sensitive": false,
                    "type": "string",
                    "value": "sg-02beaf3237651a246"
                },
                "vpc_id": {
                    "sensitive": false,
                    "type": "string",
                    "value": "vpc-0d2c8bec11ea6811d"
                },
                "web_target_groups": {
                    "sensitive": false,
                    "type": "list",
                    "value": [
                        "aws-pivotal-web-tg-80",
                        "aws-pivotal-web-tg-443"
                    ]
                }
            },
            "resources": {
                "random_integer.bucket": {
                    "type": "random_integer",
                    "depends_on": [],
                    "primary": {
                        "id": "51146",
                        "attributes": {
                            "id": "51146",
                            "max": "100000",
                            "min": "1",
                            "result": "51146"
                        },
                        "meta": {},
                        "tainted": false
                    },
                    "deposed": [],
                    "provider": "provider.random"
                }
            },
            "depends_on": []
        },
        {
            "path": [
                "root",
                "infra"
            ],
            "outputs": {
                "aws_ec2_interface_endpoint_ips": {
                    "sensitive": false,
                    "type": "list",
                    "value": []
                },
                "aws_lb_interface_endpoint_ips": {
                    "sensitive": false,
                    "type": "list",
                    "value": []
                },
                "deployment_route_table_ids": {
                    "sensitive": false,
                    "type": "list",
                    "value": [
                        "rtb-0752ed7692b126011",
                        "rtb-0dc3426fbd0bc44f4"
                    ]
                },
                "infrastructure_subnet_availability_zones": {
                    "sensitive": false,
                    "type": "list",
                    "value": [
                        "us-west-2a",
                        "us-west-2b"
                    ]
                },
                "infrastructure_subnet_cidrs": {
                    "sensitive": false,
                    "type": "list",
                    "value": [
                        "10.2.16.0/28",
                        "10.2.16.16/28"
                    ]
                },
                "infrastructure_subnet_gateways": {
                    "sensitive": false,
                    "type": "list",
                    "value": [
                        "10.2.16.1",
                        "10.2.16.17"
                    ]
                },
                "infrastructure_subnet_ids": {
                    "sensitive": false,
                    "type": "list",
                    "value": [
                        "subnet-091bddb23634b7874",
                        "subnet-0e47e3ac9f0e9cce4"
                    ]
                },
                "infrastructure_subnets": {
                    "sensitive": false,
                    "type": "list",
                    "value": [
                        "subnet-091bddb23634b7874",
                        "subnet-0e47e3ac9f0e9cce4"
                    ]
                },
                "name_servers": {
                    "sensitive": false,
                    "type": "list",
                    "value": [
                        "ns-1523.awsdns-62.org.",
                        "ns-2041.awsdns-63.co.uk.",
                        "ns-262.awsdns-32.com.",
                        "ns-809.awsdns-37.net."
                    ]
                },
                "public_subnet_availability_zones": {
                    "sensitive": false,
                    "type": "list",
                    "value": [
                        "us-west-2a",
                        "us-west-2b"
                    ]
                },
                "public_subnet_cidrs": {
                    "sensitive": false,
                    "type": "list",
                    "value": [
                        "10.2.0.0/24",
                        "10.2.1.0/24"
                    ]
                },
                "public_subnet_ids": {
                    "sensitive": false,
                    "type": "list",
                    "value": [
                        "subnet-09f867eae6b7a5f08",
                        "subnet-0f2be1ac52491db60"
                    ]
                },
                "vms_security_group_id": {
                    "sensitive": false,
                    "type": "string",
                    "value": "sg-02beaf3237651a246"
                },
                "vpc_id": {
                    "sensitive": false,
                    "type": "string",
                    "value": "vpc-0d2c8bec11ea6811d"
                },
                "zone_id": {
                    "sensitive": false,
                    "type": "string",
                    "value": "ZMO34VG5NSSCS"
                }
            },
            "resources": {
                "aws_eip.nat_eip": {
                    "type": "aws_eip",
                    "depends_on": [],
                    "primary": {
                        "id": "eipalloc-071a51d5c5ca491da",
                        "attributes": {
                            "association_id": "",
                            "domain": "vpc",
                            "id": "eipalloc-071a51d5c5ca491da",
                            "instance": "",
                            "network_interface": "",
                            "private_ip": "",
                            "public_dns": "ec2-54-148-202-96.us-west-2.compute.amazonaws.com",
                            "public_ip": "54.148.202.96",
                            "public_ipv4_pool": "amazon",
                            "tags.%": "3",
                            "tags.Application": "Cloud Foundry",
                            "tags.Environment": "aws-pivotal",
                            "tags.owner": "dcp-pas-hari",
                            "vpc": "true"
                        },
                        "meta": {
                            "e2bfb730-ecaa-11e6-8f88-34363bc7c4c0": {
                                "delete": 180000000000,
                                "read": 900000000000,
                                "update": 300000000000
                            }
                        },
                        "tainted": false
                    },
                    "deposed": [],
                    "provider": "provider.aws"
                },
                "aws_internet_gateway.ig": {
                    "type": "aws_internet_gateway",
                    "depends_on": [
                        "aws_vpc.vpc"
                    ],
                    "primary": {
                        "id": "igw-0176054841d17913e",
                        "attributes": {
                            "id": "igw-0176054841d17913e",
                            "owner_id": "551061066810",
                            "tags.%": "3",
                            "tags.Application": "Cloud Foundry",
                            "tags.Environment": "aws-pivotal",
                            "tags.owner": "dcp-pas-hari",
                            "vpc_id": "vpc-0d2c8bec11ea6811d"
                        },
                        "meta": {},
                        "tainted": false
                    },
                    "deposed": [],
                    "provider": "provider.aws"
                },
                "aws_nat_gateway.nat": {
                    "type": "aws_nat_gateway",
                    "depends_on": [
                        "aws_eip.nat_eip",
                        "aws_subnet.public_subnets.*"
                    ],
                    "primary": {
                        "id": "nat-0916ca3f938c582b9",
                        "attributes": {
                            "allocation_id": "eipalloc-071a51d5c5ca491da",
                            "id": "nat-0916ca3f938c582b9",
                            "network_interface_id": "eni-0e8bc5d4a561c4911",
                            "private_ip": "10.2.0.212",
                            "public_ip": "54.148.202.96",
                            "subnet_id": "subnet-09f867eae6b7a5f08",
                            "tags.%": "4",
                            "tags.Application": "Cloud Foundry",
                            "tags.Environment": "aws-pivotal",
                            "tags.Name": "aws-pivotal-nat",
                            "tags.owner": "dcp-pas-hari"
                        },
                        "meta": {},
                        "tainted": false
                    },
                    "deposed": [],
                    "provider": "provider.aws"
                },
                "aws_route.toggle_internet.0": {
                    "type": "aws_route",
                    "depends_on": [
                        "aws_nat_gateway.nat",
                        "aws_route_table.deployment.*"
                    ],
                    "primary": {
                        "id": "r-rtb-0752ed7692b1260111080289494",
                        "attributes": {
                            "destination_cidr_block": "0.0.0.0/0",
                            "destination_prefix_list_id": "",
                            "egress_only_gateway_id": "",
                            "gateway_id": "",
                            "id": "r-rtb-0752ed7692b1260111080289494",
                            "instance_id": "",
                            "instance_owner_id": "",
                            "nat_gateway_id": "nat-0916ca3f938c582b9",
                            "network_interface_id": "",
                            "origin": "CreateRoute",
                            "route_table_id": "rtb-0752ed7692b126011",
                            "state": "active",
                            "transit_gateway_id": "",
                            "vpc_peering_connection_id": ""
                        },
                        "meta": {
                            "e2bfb730-ecaa-11e6-8f88-34363bc7c4c0": {
                                "create": 120000000000,
                                "delete": 300000000000
                            }
                        },
                        "tainted": false
                    },
                    "deposed": [],
                    "provider": "provider.aws"
                },
                "aws_route.toggle_internet.1": {
                    "type": "aws_route",
                    "depends_on": [
                        "aws_nat_gateway.nat",
                        "aws_route_table.deployment.*"
                    ],
                    "primary": {
                        "id": "r-rtb-0dc3426fbd0bc44f41080289494",
                        "attributes": {
                            "destination_cidr_block": "0.0.0.0/0",
                            "destination_prefix_list_id": "",
                            "egress_only_gateway_id": "",
                            "gateway_id": "",
                            "id": "r-rtb-0dc3426fbd0bc44f41080289494",
                            "instance_id": "",
                            "instance_owner_id": "",
                            "nat_gateway_id": "nat-0916ca3f938c582b9",
                            "network_interface_id": "",
                            "origin": "CreateRoute",
                            "route_table_id": "rtb-0dc3426fbd0bc44f4",
                            "state": "active",
                            "transit_gateway_id": "",
                            "vpc_peering_connection_id": ""
                        },
                        "meta": {
                            "e2bfb730-ecaa-11e6-8f88-34363bc7c4c0": {
                                "create": 120000000000,
                                "delete": 300000000000
                            }
                        },
                        "tainted": false
                    },
                    "deposed": [],
                    "provider": "provider.aws"
                },
                "aws_route53_zone.pcf_zone": {
                    "type": "aws_route53_zone",
                    "depends_on": [
                        "local.hosted_zone_count",
                        "local.use_route53"
                    ],
                    "primary": {
                        "id": "ZMO34VG5NSSCS",
                        "attributes": {
                            "comment": "Managed by Terraform",
                            "delegation_set_id": "",
                            "force_destroy": "false",
                            "id": "ZMO34VG5NSSCS",
                            "name": "aws-pivotal.dcp-greendot.com.",
                            "name_servers.#": "4",
                            "name_servers.0": "ns-1523.awsdns-62.org",
                            "name_servers.1": "ns-2041.awsdns-63.co.uk",
                            "name_servers.2": "ns-262.awsdns-32.com",
                            "name_servers.3": "ns-809.awsdns-37.net",
                            "tags.%": "4",
                            "tags.Application": "Cloud Foundry",
                            "tags.Environment": "aws-pivotal",
                            "tags.Name": "aws-pivotal-hosted-zone",
                            "tags.owner": "dcp-pas-hari",
                            "vpc.#": "0",
                            "zone_id": "ZMO34VG5NSSCS"
                        },
                        "meta": {},
                        "tainted": false
                    },
                    "deposed": [],
                    "provider": "provider.aws"
                },
                "aws_route_table.deployment.0": {
                    "type": "aws_route_table",
                    "depends_on": [
                        "aws_vpc.vpc"
                    ],
                    "primary": {
                        "id": "rtb-0752ed7692b126011",
                        "attributes": {
                            "id": "rtb-0752ed7692b126011",
                            "owner_id": "551061066810",
                            "propagating_vgws.#": "0",
                            "route.#": "0",
                            "tags.%": "0",
                            "vpc_id": "vpc-0d2c8bec11ea6811d"
                        },
                        "meta": {},
                        "tainted": false
                    },
                    "deposed": [],
                    "provider": "provider.aws"
                },
                "aws_route_table.deployment.1": {
                    "type": "aws_route_table",
                    "depends_on": [
                        "aws_vpc.vpc"
                    ],
                    "primary": {
                        "id": "rtb-0dc3426fbd0bc44f4",
                        "attributes": {
                            "id": "rtb-0dc3426fbd0bc44f4",
                            "owner_id": "551061066810",
                            "propagating_vgws.#": "0",
                            "route.#": "0",
                            "tags.%": "0",
                            "vpc_id": "vpc-0d2c8bec11ea6811d"
                        },
                        "meta": {},
                        "tainted": false
                    },
                    "deposed": [],
                    "provider": "provider.aws"
                },
                "aws_route_table.public_route_table": {
                    "type": "aws_route_table",
                    "depends_on": [
                        "aws_internet_gateway.ig",
                        "aws_vpc.vpc"
                    ],
                    "primary": {
                        "id": "rtb-08c10c869a7864fcd",
                        "attributes": {
                            "id": "rtb-08c10c869a7864fcd",
                            "owner_id": "551061066810",
                            "propagating_vgws.#": "0",
                            "route.#": "1",
                            "route.2846752022.cidr_block": "0.0.0.0/0",
                            "route.2846752022.egress_only_gateway_id": "",
                            "route.2846752022.gateway_id": "igw-0176054841d17913e",
                            "route.2846752022.instance_id": "",
                            "route.2846752022.ipv6_cidr_block": "",
                            "route.2846752022.nat_gateway_id": "",
                            "route.2846752022.network_interface_id": "",
                            "route.2846752022.transit_gateway_id": "",
                            "route.2846752022.vpc_peering_connection_id": "",
                            "tags.%": "0",
                            "vpc_id": "vpc-0d2c8bec11ea6811d"
                        },
                        "meta": {},
                        "tainted": false
                    },
                    "deposed": [],
                    "provider": "provider.aws"
                },
                "aws_route_table_association.route_infrastructure_subnets.0": {
                    "type": "aws_route_table_association",
                    "depends_on": [
                        "aws_route_table.deployment.*",
                        "aws_subnet.infrastructure_subnets.*"
                    ],
                    "primary": {
                        "id": "rtbassoc-00d46a6baf83152b9",
                        "attributes": {
                            "id": "rtbassoc-00d46a6baf83152b9",
                            "route_table_id": "rtb-0752ed7692b126011",
                            "subnet_id": "subnet-091bddb23634b7874"
                        },
                        "meta": {},
                        "tainted": false
                    },
                    "deposed": [],
                    "provider": "provider.aws"
                },
                "aws_route_table_association.route_infrastructure_subnets.1": {
                    "type": "aws_route_table_association",
                    "depends_on": [
                        "aws_route_table.deployment.*",
                        "aws_subnet.infrastructure_subnets.*"
                    ],
                    "primary": {
                        "id": "rtbassoc-0af6731740053c9da",
                        "attributes": {
                            "id": "rtbassoc-0af6731740053c9da",
                            "route_table_id": "rtb-0dc3426fbd0bc44f4",
                            "subnet_id": "subnet-0e47e3ac9f0e9cce4"
                        },
                        "meta": {},
                        "tainted": false
                    },
                    "deposed": [],
                    "provider": "provider.aws"
                },
                "aws_route_table_association.route_public_subnets.0": {
                    "type": "aws_route_table_association",
                    "depends_on": [
                        "aws_route_table.public_route_table",
                        "aws_subnet.public_subnets.*"
                    ],
                    "primary": {
                        "id": "rtbassoc-0c7ae02ad7eb7f596",
                        "attributes": {
                            "id": "rtbassoc-0c7ae02ad7eb7f596",
                            "route_table_id": "rtb-08c10c869a7864fcd",
                            "subnet_id": "subnet-09f867eae6b7a5f08"
                        },
                        "meta": {},
                        "tainted": false
                    },
                    "deposed": [],
                    "provider": "provider.aws"
                },
                "aws_route_table_association.route_public_subnets.1": {
                    "type": "aws_route_table_association",
                    "depends_on": [
                        "aws_route_table.public_route_table",
                        "aws_subnet.public_subnets.*"
                    ],
                    "primary": {
                        "id": "rtbassoc-07ed4bab5f675f258",
                        "attributes": {
                            "id": "rtbassoc-07ed4bab5f675f258",
                            "route_table_id": "rtb-08c10c869a7864fcd",
                            "subnet_id": "subnet-0f2be1ac52491db60"
                        },
                        "meta": {},
                        "tainted": false
                    },
                    "deposed": [],
                    "provider": "provider.aws"
                },
                "aws_security_group.nat_security_group": {
                    "type": "aws_security_group",
                    "depends_on": [
                        "aws_vpc.vpc"
                    ],
                    "primary": {
                        "id": "sg-0b8b68ddf31d71afe",
                        "attributes": {
                            "arn": "arn:aws:ec2:us-west-2:551061066810:security-group/sg-0b8b68ddf31d71afe",
                            "description": "NAT Security Group",
                            "egress.#": "1",
                            "egress.482069346.cidr_blocks.#": "1",
                            "egress.482069346.cidr_blocks.0": "0.0.0.0/0",
                            "egress.482069346.description": "",
                            "egress.482069346.from_port": "0",
                            "egress.482069346.ipv6_cidr_blocks.#": "0",
                            "egress.482069346.prefix_list_ids.#": "0",
                            "egress.482069346.protocol": "-1",
                            "egress.482069346.security_groups.#": "0",
                            "egress.482069346.self": "false",
                            "egress.482069346.to_port": "0",
                            "id": "sg-0b8b68ddf31d71afe",
                            "ingress.#": "1",
                            "ingress.1512818730.cidr_blocks.#": "1",
                            "ingress.1512818730.cidr_blocks.0": "10.2.0.0/16",
                            "ingress.1512818730.description": "",
                            "ingress.1512818730.from_port": "0",
                            "ingress.1512818730.ipv6_cidr_blocks.#": "0",
                            "ingress.1512818730.prefix_list_ids.#": "0",
                            "ingress.1512818730.protocol": "-1",
                            "ingress.1512818730.security_groups.#": "0",
                            "ingress.1512818730.self": "false",
                            "ingress.1512818730.to_port": "0",
                            "name": "nat_security_group",
                            "owner_id": "551061066810",
                            "revoke_rules_on_delete": "false",
                            "tags.%": "4",
                            "tags.Application": "Cloud Foundry",
                            "tags.Environment": "aws-pivotal",
                            "tags.Name": "aws-pivotal-nat-security-group",
                            "tags.owner": "dcp-pas-hari",
                            "vpc_id": "vpc-0d2c8bec11ea6811d"
                        },
                        "meta": {
                            "e2bfb730-ecaa-11e6-8f88-34363bc7c4c0": {
                                "create": 600000000000,
                                "delete": 600000000000
                            },
                            "schema_version": "1"
                        },
                        "tainted": false
                    },
                    "deposed": [],
                    "provider": "provider.aws"
                },
                "aws_security_group.vms_security_group": {
                    "type": "aws_security_group",
                    "depends_on": [
                        "aws_vpc.vpc"
                    ],
                    "primary": {
                        "id": "sg-02beaf3237651a246",
                        "attributes": {
                            "arn": "arn:aws:ec2:us-west-2:551061066810:security-group/sg-02beaf3237651a246",
                            "description": "VMs Security Group",
                            "egress.#": "1",
                            "egress.482069346.cidr_blocks.#": "1",
                            "egress.482069346.cidr_blocks.0": "0.0.0.0/0",
                            "egress.482069346.description": "",
                            "egress.482069346.from_port": "0",
                            "egress.482069346.ipv6_cidr_blocks.#": "0",
                            "egress.482069346.prefix_list_ids.#": "0",
                            "egress.482069346.protocol": "-1",
                            "egress.482069346.security_groups.#": "0",
                            "egress.482069346.self": "false",
                            "egress.482069346.to_port": "0",
                            "id": "sg-02beaf3237651a246",
                            "ingress.#": "1",
                            "ingress.1512818730.cidr_blocks.#": "1",
                            "ingress.1512818730.cidr_blocks.0": "10.2.0.0/16",
                            "ingress.1512818730.description": "",
                            "ingress.1512818730.from_port": "0",
                            "ingress.1512818730.ipv6_cidr_blocks.#": "0",
                            "ingress.1512818730.prefix_list_ids.#": "0",
                            "ingress.1512818730.protocol": "-1",
                            "ingress.1512818730.security_groups.#": "0",
                            "ingress.1512818730.self": "false",
                            "ingress.1512818730.to_port": "0",
                            "name": "vms_security_group",
                            "owner_id": "551061066810",
                            "revoke_rules_on_delete": "false",
                            "tags.%": "4",
                            "tags.Application": "Cloud Foundry",
                            "tags.Environment": "aws-pivotal",
                            "tags.Name": "aws-pivotal-vms-security-group",
                            "tags.owner": "dcp-pas-hari",
                            "vpc_id": "vpc-0d2c8bec11ea6811d"
                        },
                        "meta": {
                            "e2bfb730-ecaa-11e6-8f88-34363bc7c4c0": {
                                "create": 600000000000,
                                "delete": 600000000000
                            },
                            "schema_version": "1"
                        },
                        "tainted": false
                    },
                    "deposed": [],
                    "provider": "provider.aws"
                },
                "aws_subnet.infrastructure_subnets.0": {
                    "type": "aws_subnet",
                    "depends_on": [
                        "aws_vpc.vpc",
                        "local.infrastructure_cidr"
                    ],
                    "primary": {
                        "id": "subnet-091bddb23634b7874",
                        "attributes": {
                            "arn": "arn:aws:ec2:us-west-2:551061066810:subnet/subnet-091bddb23634b7874",
                            "assign_ipv6_address_on_creation": "false",
                            "availability_zone": "us-west-2a",
                            "availability_zone_id": "usw2-az1",
                            "cidr_block": "10.2.16.0/28",
                            "id": "subnet-091bddb23634b7874",
                            "ipv6_cidr_block": "",
                            "ipv6_cidr_block_association_id": "",
                            "map_public_ip_on_launch": "false",
                            "owner_id": "551061066810",
                            "tags.%": "4",
                            "tags.Application": "Cloud Foundry",
                            "tags.Environment": "aws-pivotal",
                            "tags.Name": "aws-pivotal-infrastructure-subnet0",
                            "tags.owner": "dcp-pas-hari",
                            "vpc_id": "vpc-0d2c8bec11ea6811d"
                        },
                        "meta": {
                            "e2bfb730-ecaa-11e6-8f88-34363bc7c4c0": {
                                "create": 600000000000,
                                "delete": 600000000000
                            },
                            "schema_version": "1"
                        },
                        "tainted": false
                    },
                    "deposed": [],
                    "provider": "provider.aws"
                },
                "aws_subnet.infrastructure_subnets.1": {
                    "type": "aws_subnet",
                    "depends_on": [
                        "aws_vpc.vpc",
                        "local.infrastructure_cidr"
                    ],
                    "primary": {
                        "id": "subnet-0e47e3ac9f0e9cce4",
                        "attributes": {
                            "arn": "arn:aws:ec2:us-west-2:551061066810:subnet/subnet-0e47e3ac9f0e9cce4",
                            "assign_ipv6_address_on_creation": "false",
                            "availability_zone": "us-west-2b",
                            "availability_zone_id": "usw2-az2",
                            "cidr_block": "10.2.16.16/28",
                            "id": "subnet-0e47e3ac9f0e9cce4",
                            "ipv6_cidr_block": "",
                            "ipv6_cidr_block_association_id": "",
                            "map_public_ip_on_launch": "false",
                            "owner_id": "551061066810",
                            "tags.%": "4",
                            "tags.Application": "Cloud Foundry",
                            "tags.Environment": "aws-pivotal",
                            "tags.Name": "aws-pivotal-infrastructure-subnet1",
                            "tags.owner": "dcp-pas-hari",
                            "vpc_id": "vpc-0d2c8bec11ea6811d"
                        },
                        "meta": {
                            "e2bfb730-ecaa-11e6-8f88-34363bc7c4c0": {
                                "create": 600000000000,
                                "delete": 600000000000
                            },
                            "schema_version": "1"
                        },
                        "tainted": false
                    },
                    "deposed": [],
                    "provider": "provider.aws"
                },
                "aws_subnet.public_subnets.0": {
                    "type": "aws_subnet",
                    "depends_on": [
                        "aws_vpc.vpc",
                        "local.public_cidr"
                    ],
                    "primary": {
                        "id": "subnet-09f867eae6b7a5f08",
                        "attributes": {
                            "arn": "arn:aws:ec2:us-west-2:551061066810:subnet/subnet-09f867eae6b7a5f08",
                            "assign_ipv6_address_on_creation": "false",
                            "availability_zone": "us-west-2a",
                            "availability_zone_id": "usw2-az1",
                            "cidr_block": "10.2.0.0/24",
                            "id": "subnet-09f867eae6b7a5f08",
                            "ipv6_cidr_block": "",
                            "ipv6_cidr_block_association_id": "",
                            "map_public_ip_on_launch": "false",
                            "owner_id": "551061066810",
                            "tags.%": "4",
                            "tags.Application": "Cloud Foundry",
                            "tags.Environment": "aws-pivotal",
                            "tags.Name": "aws-pivotal-public-subnet0",
                            "tags.owner": "dcp-pas-hari",
                            "vpc_id": "vpc-0d2c8bec11ea6811d"
                        },
                        "meta": {
                            "e2bfb730-ecaa-11e6-8f88-34363bc7c4c0": {
                                "create": 600000000000,
                                "delete": 600000000000
                            },
                            "schema_version": "1"
                        },
                        "tainted": false
                    },
                    "deposed": [],
                    "provider": "provider.aws"
                },
                "aws_subnet.public_subnets.1": {
                    "type": "aws_subnet",
                    "depends_on": [
                        "aws_vpc.vpc",
                        "local.public_cidr"
                    ],
                    "primary": {
                        "id": "subnet-0f2be1ac52491db60",
                        "attributes": {
                            "arn": "arn:aws:ec2:us-west-2:551061066810:subnet/subnet-0f2be1ac52491db60",
                            "assign_ipv6_address_on_creation": "false",
                            "availability_zone": "us-west-2b",
                            "availability_zone_id": "usw2-az2",
                            "cidr_block": "10.2.1.0/24",
                            "id": "subnet-0f2be1ac52491db60",
                            "ipv6_cidr_block": "",
                            "ipv6_cidr_block_association_id": "",
                            "map_public_ip_on_launch": "false",
                            "owner_id": "551061066810",
                            "tags.%": "4",
                            "tags.Application": "Cloud Foundry",
                            "tags.Environment": "aws-pivotal",
                            "tags.Name": "aws-pivotal-public-subnet1",
                            "tags.owner": "dcp-pas-hari",
                            "vpc_id": "vpc-0d2c8bec11ea6811d"
                        },
                        "meta": {
                            "e2bfb730-ecaa-11e6-8f88-34363bc7c4c0": {
                                "create": 600000000000,
                                "delete": 600000000000
                            },
                            "schema_version": "1"
                        },
                        "tainted": false
                    },
                    "deposed": [],
                    "provider": "provider.aws"
                },
                "aws_vpc.vpc": {
                    "type": "aws_vpc",
                    "depends_on": [],
                    "primary": {
                        "id": "vpc-0d2c8bec11ea6811d",
                        "attributes": {
                            "arn": "arn:aws:ec2:us-west-2:551061066810:vpc/vpc-0d2c8bec11ea6811d",
                            "assign_generated_ipv6_cidr_block": "false",
                            "cidr_block": "10.2.0.0/16",
                            "default_network_acl_id": "acl-05188f7326b972493",
                            "default_route_table_id": "rtb-046088a00d06ad492",
                            "default_security_group_id": "sg-00e71cd19af92c934",
                            "dhcp_options_id": "dopt-d97e6dbb",
                            "enable_classiclink": "false",
                            "enable_classiclink_dns_support": "false",
                            "enable_dns_hostnames": "true",
                            "enable_dns_support": "true",
                            "id": "vpc-0d2c8bec11ea6811d",
                            "instance_tenancy": "default",
                            "ipv6_association_id": "",
                            "ipv6_cidr_block": "",
                            "main_route_table_id": "rtb-046088a00d06ad492",
                            "owner_id": "551061066810",
                            "tags.%": "4",
                            "tags.Application": "Cloud Foundry",
                            "tags.Environment": "aws-pivotal",
                            "tags.Name": "aws-pivotal-vpc",
                            "tags.owner": "dcp-pas-hari"
                        },
                        "meta": {
                            "schema_version": "1"
                        },
                        "tainted": false
                    },
                    "deposed": [],
                    "provider": "provider.aws"
                },
                "data.template_file.infrastructure_subnet_gateways.0": {
                    "type": "template_file",
                    "depends_on": [
                        "aws_subnet.infrastructure_subnets.*"
                    ],
                    "primary": {
                        "id": "d037f6887250d90c196176ea92c58a81b620d429a9558ce8c6e1c35de5dd3618",
                        "attributes": {
                            "id": "d037f6887250d90c196176ea92c58a81b620d429a9558ce8c6e1c35de5dd3618",
                            "rendered": "10.2.16.1",
                            "template": "${gateway}",
                            "vars.%": "1",
                            "vars.gateway": "10.2.16.1"
                        },
                        "meta": {},
                        "tainted": false
                    },
                    "deposed": [],
                    "provider": "provider.template"
                },
                "data.template_file.infrastructure_subnet_gateways.1": {
                    "type": "template_file",
                    "depends_on": [
                        "aws_subnet.infrastructure_subnets.*"
                    ],
                    "primary": {
                        "id": "88c69438d06e72fe73259c1be93545e6f180e4ecb912bbf0172ba0eba7c51ed3",
                        "attributes": {
                            "id": "88c69438d06e72fe73259c1be93545e6f180e4ecb912bbf0172ba0eba7c51ed3",
                            "rendered": "10.2.16.17",
                            "template": "${gateway}",
                            "vars.%": "1",
                            "vars.gateway": "10.2.16.17"
                        },
                        "meta": {},
                        "tainted": false
                    },
                    "deposed": [],
                    "provider": "provider.template"
                }
            },
            "depends_on": []
        },
        {
            "path": [
                "root",
                "isoseg_certs"
            ],
            "outputs": {
                "ssl_cert": {
                    "sensitive": true,
                    "type": "string",
                    "value": ""
                },
                "ssl_private_key": {
                    "sensitive": true,
                    "type": "string",
                    "value": ""
                }
            },
            "resources": {},
            "depends_on": []
        },
        {
            "path": [
                "root",
                "ops_manager"
            ],
            "outputs": {
                "dns": {
                    "sensitive": false,
                    "type": "string",
                    "value": "pcf.aws-pivotal.dcp-greendot.com"
                },
                "ops_manager_iam_instance_profile_name": {
                    "sensitive": false,
                    "type": "string",
                    "value": "aws-pivotal_ops_manager"
                },
                "ops_manager_iam_role_name": {
                    "sensitive": false,
                    "type": "string",
                    "value": "aws-pivotal_om_role"
                },
                "ops_manager_iam_user_access_key": {
                    "sensitive": false,
                    "type": "string",
                    "value": "AKIAJOR4XYWHALKXXMTA"
                },
                "ops_manager_iam_user_name": {
                    "sensitive": false,
                    "type": "string",
                    "value": "aws-pivotal_om_user"
                },
                "ops_manager_iam_user_secret_key": {
                    "sensitive": true,
                    "type": "string",
                    "value": "hNbgkD14Ly762bq1PJUqnV+8hJB1OrkD7ZWLEmsr"
                },
                "ops_manager_private_ip": {
                    "sensitive": false,
                    "type": "string",
                    "value": "10.2.0.9"
                },
                "optional_dns": {
                    "sensitive": false,
                    "type": "string",
                    "value": ""
                },
                "public_ip": {
                    "sensitive": false,
                    "type": "string",
                    "value": "52.40.15.166"
                },
                "security_group_id": {
                    "sensitive": false,
                    "type": "string",
                    "value": "sg-0ba728c2755abad29"
                },
                "ssh_private_key": {
                    "sensitive": false,
                    "type": "string",
                    "value": "-----BEGIN RSA PRIVATE KEY-----\nMIIJKwIBAAKCAgEA0mYhVHIncehpijKoWtI0CSepZ9/sGPvfX8mwkPa8AoCB3mrN\nZe2yd/Yt7+jwgFA3RqRS8dkiFItQuZ4isPsgc+O7hiJZZtenGdLfKJGW7Pv8kEFQ\nC3nGtqX/6bAjVnBl4CGyVwUkfjLn3vBQfB53vAUD0B/ZiCcSTrB8Y2KZdIqd9kB3\nE9gMRvRwZ1v1LsYKA7i9zEUdoeq1QlLX0zDxD/0/nA4IzuPqOLc78Ogcy1HNv060\nRDj1STNKR0F1CspXyPUVzt5P7q0XSMDRlTiWCchhoAad54Xex8kNnKds1TJkhm1s\nevGRTMto3B7NPXRYzZiHBjpq7ZHl5uFQG4pD9ILtaF8fk5SDrqY3ff7YzG1IltJw\nytzPNXiyHRgOFlnaXtsmSTPxuq0pQzTzvNh+aEFx7eGcFcHc0WyumrkkuSpf+aFD\nVT0TKsDGr5MssgwkifaJkdc4BWLNzMAkAyJWD78k6ivTizczI6X5hAZ64RNoF00e\nfF1Y9qI2Bz9q8yj/sgN6/WiH7FxrSGN7bPPLX8thxKK5GewYwd4S/XOl1x0D8FDg\nNOFF7N9QGeNrQ8RVgbuGRWem0Rqicd2MQKcic+LDbkvaSUEat+4kEX5alAWCRXXG\nW9vwdXlktmNoaHTuj59NB2O9UnLusent3xOkxsRa2KWJxpmD/mnQiOTzZ3MCAwEA\nAQKCAgEApI3+OWbC1QMaMF0ocUgALLzZcQWgSXYNIYTEVMy1BRvu9r7/gF3k/JAN\nI5tDJogWg2iX+tGBJyJC87nrlhIDMsCFdQY+eAHojnjv0nHz4cu/oC+E5ETNFyND\nwUjiioOEGkUgj5DVFuLHmQTJXhoSOXqOneObJjKwzdyYnL6MGKslmmiW+W07RO9/\nTkeMvpVjVb/SqgXQhEfmlkXmySV5FLFUY8BSQUXedZdSCTvw8VA8pAhxUv5dUXAN\nAyf923+gIusUsGQNjjXQhTVRdez45BPVzuv96gs4z3a+76u+ogw0tTK16n4uzyo0\nDB0HFq59medWi5d68+3tKqNEHRYJyLLQJpbeF/vFkGnkiNINW8EBROt245X1/DIx\n/FArjj+4cNpXg2kx67jhvo/tWH4gbQkXQy0HdgQ/7MA06o+nmpA49ZV+lit8WaXq\nmPzukNFcbS0Szv9zfHy6vMMzUuLocgsrIo7MFOqrl8OsFpp+wQiP5oJTsHpGaFs0\nAs9dus0m7ZT/aE47twRDcKCmpxKCKm1ymrg9OvSQscKGLvpnD97UqAgZ5LKG7MCC\nUjxwa/dAc/w+PaPgKkvsstbJGZurQmQzad+dRyF8X5X9lDdAFErP2uv5z0DS1qFY\nkHGyfF+VXyZhQproaIn/GC2RzP9UJvSzgHqruWmhFv+QyKbQ1YkCggEBAO2W/NWV\nK3r38i/bFxd7iQaDpsor8Cmjc3RMWPZp9DdTkc/z3NVuAffGHJVoTzgjBBNgWaK4\nJk70W8EnnkIiEHo7cXt8Lzqo8V9DuyXGtXeG3XIJfuxuRyW6fBTfk4UIqqKGMNzM\ntT30P+uopjnyv/P61Giu+kmbJfYOCTwiVut1rbtZ/HSVZwf1mvqwCjm2r6Rr/Rpg\njitycJrLmOSJkoZuYKRxNU5GJ02vDAZyJ39s0vARcUMT5A4iT1QXKnDYqzSTvzJ4\nEj9g7Xpf4ADrh+eDIkaU5AIeq0q9fSfQykVwOKuWiq6ouxoohB+GMtWV0axqYKlz\nwlBLBe4MxxgcL28CggEBAOKzw55+cNIc1W6o5zpca5HlarZJQ55r0h5MO2XZ0kwg\ndkbDibpcUh+tOJ/0Y6e21rW55TbNGwRNLXHc93Ulifz0XxS9tKZ4PiyarcnQD09f\nLQCFtQ9x4FHOZj2E4kFz8oGd3wWlK8Y621xceNvAxhADqJP21BS8Zgc1QJ3mGBpj\nvZxdfWf6YsS8xhYgBx45H3NBRkhDMZbEnz/5DCoc10aEBsRm+7dmhV5APkKvwpNe\nldla0XcbpyQmM4K4XWn4qfZaFh6MEc3pMVSzPHVn/1oYD585kCFzBJx8Jw6EjcS5\nQWHbsNftM+uh6dKvlHaW+Xv+4wE0TDBwB/zoML0Yhj0CggEBAIGodWBFoM3hw+xz\n3v00sIm6jOol4lGG3rnn9GC9X8ZVt+xJhAmBmFdUaULsAtd63H2KhkAzyMwrtGsL\nqOUkW+Oozvx5v/h+PAMmHlq2P0/0bKMQJZD3eaJQS+jEPmhKW3yISOAmYv5lbgC4\nL8bOAA0wpHxgiTxkC+pkrIuBnfevZ9kneYtSAUEpuqL2MQ5f8SiEukKL0OpK8MK5\nOz31Cd6NG/aBxXpq9IYDckeOQpnalJ7olevqTfmcpbgZUFL3Gy99NclgF205A0BW\nVBOMdcVVHf5wwKGbhRUrpcJ1wfz1Cigx5or8j+btl3Twsos20I8MGqY/Axr4ZksL\n9BbnQscCggEBAIsSVFMKphN/dL9qBk+bGrJp1sj0sPKimkfT5CxbL9NbprNKiVc2\nA3tDPJWDyw6774OUArVXpddBsTtEntnSqY/wKdQDfKsS4LFkQnCnnnzGmkjTvXs4\nFLCaucXLmzEj/ATf4E0KQoxc1u0WHV5SKC7yz5vVs8z0tnJ9jKJQ4UBvJ4ahI6mB\nxM2EMNCp3TQBPvXpeUAjWGxxOnB4S6oZ/0ZW///EXW7pCbAEIS2vvOHDCJJKUG2N\nHT/j3321tDiqPznNkfwzWUjEYWrgeZpcrh2K3SqEmZKriIym7R7O2llwfFeX+ii8\nbzmCHnsNEzqc63fRqVi3yHV+hKf1mNCoFtECggEBAJSa7DueKuuroYt2UKgNUpW8\nKQE2VCN1vH2eaHqmkD1klEiR984BPuhEZlQJeLfl3WjP82d8WHMT4eDhLafSnX/a\n6/+jVlzuVi6F6Nw+x9PZhBEfgJ5rAv7t8SqBM386fiL8/C+tqyfMwVNiZ0OTQOAe\nSfv49LEi81fRPhVbIHVoLGfUJQctDXgclXc3EeCbKEuLD5pT1NlSnWZuph+0kaK8\nP8haReShoslC2hVnwuHgilT/DNGDscHDnLYYiV604EPqkQPzaF829W1Yz2/Kr8sb\nw+4wVw0ttN/f8t2+5QYF5ywHUlX2JnRQtDb8dH51nOdpaSis5rOUBziBX3WBPfU=\n-----END RSA PRIVATE KEY-----\n"
                },
                "ssh_public_key": {
                    "sensitive": false,
                    "type": "string",
                    "value": "ssh-rsa AAAAB3NzaC1yc2EAAAADAQABAAACAQDSZiFUcidx6GmKMqha0jQJJ6ln3+wY+99fybCQ9rwCgIHeas1l7bJ39i3v6PCAUDdGpFLx2SIUi1C5niKw+yBz47uGIllm16cZ0t8okZbs+/yQQVALeca2pf/psCNWcGXgIbJXBSR+Mufe8FB8Hne8BQPQH9mIJxJOsHxjYpl0ip32QHcT2AxG9HBnW/UuxgoDuL3MRR2h6rVCUtfTMPEP/T+cDgjO4+o4tzvw6BzLUc2/TrREOPVJM0pHQXUKylfI9RXO3k/urRdIwNGVOJYJyGGgBp3nhd7HyQ2cp2zVMmSGbWx68ZFMy2jcHs09dFjNmIcGOmrtkeXm4VAbikP0gu1oXx+TlIOupjd9/tjMbUiW0nDK3M81eLIdGA4WWdpe2yZJM/G6rSlDNPO82H5oQXHt4ZwVwdzRbK6auSS5Kl/5oUNVPRMqwMavkyyyDCSJ9omR1zgFYs3MwCQDIlYPvyTqK9OLNzMjpfmEBnrhE2gXTR58XVj2ojYHP2rzKP+yA3r9aIfsXGtIY3ts88tfy2HEorkZ7BjB3hL9c6XXHQPwUOA04UXs31AZ42tDxFWBu4ZFZ6bRGqJx3YxApyJz4sNuS9pJQRq37iQRflqUBYJFdcZb2/B1eWS2Y2hodO6Pn00HY71Scu6x6e3fE6TGxFrYpYnGmYP+adCI5PNncw=="
                },
                "ssh_public_key_name": {
                    "sensitive": false,
                    "type": "string",
                    "value": "aws-pivotal-ops-manager-key"
                }
            },
            "resources": {
                "aws_eip.ops_manager_attached": {
                    "type": "aws_eip",
                    "depends_on": [
                        "aws_instance.ops_manager"
                    ],
                    "primary": {
                        "id": "eipalloc-0154d71aec542bb70",
                        "attributes": {
                            "association_id": "eipassoc-0905d69790652e334",
                            "domain": "vpc",
                            "id": "eipalloc-0154d71aec542bb70",
                            "instance": "i-07a5956e97625717c",
                            "network_interface": "eni-0a0c398db8617dc02",
                            "private_dns": "ip-10-2-0-9.us-west-2.compute.internal",
                            "private_ip": "10.2.0.9",
                            "public_dns": "ec2-52-40-15-166.us-west-2.compute.amazonaws.com",
                            "public_ip": "52.40.15.166",
                            "public_ipv4_pool": "amazon",
                            "tags.%": "4",
                            "tags.Application": "Cloud Foundry",
                            "tags.Environment": "aws-pivotal",
                            "tags.Name": "aws-pivotal-om-eip",
                            "tags.owner": "dcp-pas-hari",
                            "vpc": "true"
                        },
                        "meta": {
                            "e2bfb730-ecaa-11e6-8f88-34363bc7c4c0": {
                                "delete": 180000000000,
                                "read": 900000000000,
                                "update": 300000000000
                            }
                        },
                        "tainted": false
                    },
                    "deposed": [],
                    "provider": "provider.aws"
                },
                "aws_iam_access_key.ops_manager": {
                    "type": "aws_iam_access_key",
                    "depends_on": [
                        "aws_iam_user.ops_manager"
                    ],
                    "primary": {
                        "id": "AKIAJOR4XYWHALKXXMTA",
                        "attributes": {
                            "id": "AKIAJOR4XYWHALKXXMTA",
                            "secret": "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",
                            "ses_smtp_password": "ArfmlxVAqc1HBlD6G2Mmj39xZPy90KwcB0D4UI1D9/TY",
                            "status": "Active",
                            "user": "aws-pivotal_om_user"
                        },
                        "meta": {},
                        "tainted": false
                    },
                    "deposed": [],
                    "provider": "provider.aws"
                },
                "aws_iam_instance_profile.ops_manager": {
                    "type": "aws_iam_instance_profile",
                    "depends_on": [
                        "aws_iam_role.ops_manager"
                    ],
                    "primary": {
                        "id": "aws-pivotal_ops_manager",
                        "attributes": {
                            "arn": "arn:aws:iam::551061066810:instance-profile/aws-pivotal_ops_manager",
                            "create_date": "2019-03-26T03:22:17Z",
                            "id": "aws-pivotal_ops_manager",
                            "name": "aws-pivotal_ops_manager",
                            "path": "/",
                            "role": "aws-pivotal_om_role",
                            "roles.#": "0",
                            "unique_id": "AIPAIYY5KP3QMAJGL6FAK"
                        },
                        "meta": {},
                        "tainted": false
                    },
                    "deposed": [],
                    "provider": "provider.aws"
                },
                "aws_iam_role.ops_manager": {
                    "type": "aws_iam_role",
                    "depends_on": [],
                    "primary": {
                        "id": "aws-pivotal_om_role",
                        "attributes": {
                            "arn": "arn:aws:iam::551061066810:role/aws-pivotal_om_role",
                            "assume_role_policy": "{\"Version\":\"2012-10-17\",\"Statement\":[{\"Effect\":\"Allow\",\"Principal\":{\"Service\":\"ec2.amazonaws.com\"},\"Action\":\"sts:AssumeRole\"}]}",
                            "create_date": "2019-03-26T03:22:15Z",
                            "description": "",
                            "force_detach_policies": "false",
                            "id": "aws-pivotal_om_role",
                            "max_session_duration": "3600",
                            "name": "aws-pivotal_om_role",
                            "path": "/",
                            "tags.%": "0",
                            "unique_id": "AROAJRD6WYEORKAKISDMS"
                        },
                        "meta": {},
                        "tainted": false
                    },
                    "deposed": [],
                    "provider": "provider.aws"
                },
                "aws_iam_user.ops_manager": {
                    "type": "aws_iam_user",
                    "depends_on": [],
                    "primary": {
                        "id": "aws-pivotal_om_user",
                        "attributes": {
                            "arn": "arn:aws:iam::551061066810:user/aws-pivotal_om_user",
                            "force_destroy": "false",
                            "id": "aws-pivotal_om_user",
                            "name": "aws-pivotal_om_user",
                            "path": "/",
                            "tags.%": "0",
                            "unique_id": "AIDAJ3P45KNHJODCO2DQK"
                        },
                        "meta": {},
                        "tainted": false
                    },
                    "deposed": [],
                    "provider": "provider.aws"
                },
                "aws_instance.ops_manager": {
                    "type": "aws_instance",
                    "depends_on": [
                        "aws_iam_instance_profile.ops_manager",
                        "aws_key_pair.ops_manager",
                        "aws_security_group.ops_manager_security_group"
                    ],
                    "primary": {
                        "id": "i-07a5956e97625717c",
                        "attributes": {
                            "ami": "ami-01a04ae3cc4fb475a",
                            "arn": "arn:aws:ec2:us-west-2:551061066810:instance/i-07a5956e97625717c",
                            "associate_public_ip_address": "false",
                            "availability_zone": "us-west-2a",
                            "cpu_core_count": "1",
                            "cpu_threads_per_core": "1",
                            "credit_specification.#": "1",
                            "credit_specification.0.cpu_credits": "standard",
                            "disable_api_termination": "false",
                            "ebs_block_device.#": "0",
                            "ebs_optimized": "false",
                            "ephemeral_block_device.#": "0",
                            "get_password_data": "false",
                            "iam_instance_profile": "aws-pivotal_ops_manager",
                            "id": "i-07a5956e97625717c",
                            "instance_state": "running",
                            "instance_type": "t2.micro",
                            "ipv6_addresses.#": "0",
                            "key_name": "aws-pivotal-ops-manager-key",
                            "monitoring": "false",
                            "network_interface.#": "0",
                            "password_data": "",
                            "placement_group": "",
                            "primary_network_interface_id": "eni-0a0c398db8617dc02",
                            "private_dns": "ip-10-2-0-9.us-west-2.compute.internal",
                            "private_ip": "10.2.0.9",
                            "public_dns": "",
                            "public_ip": "",
                            "root_block_device.#": "1",
                            "root_block_device.0.delete_on_termination": "true",
                            "root_block_device.0.iops": "450",
                            "root_block_device.0.volume_id": "vol-08f290ad1b597f6ab",
                            "root_block_device.0.volume_size": "150",
                            "root_block_device.0.volume_type": "gp2",
                            "security_groups.#": "0",
                            "source_dest_check": "false",
                            "subnet_id": "subnet-09f867eae6b7a5f08",
                            "tags.%": "4",
                            "tags.Application": "Cloud Foundry",
                            "tags.Environment": "aws-pivotal",
                            "tags.Name": "aws-pivotal-ops-manager",
                            "tags.owner": "dcp-pas-hari",
                            "tenancy": "default",
                            "volume_tags.%": "0",
                            "vpc_security_group_ids.#": "1",
                            "vpc_security_group_ids.2706476971": "sg-0ba728c2755abad29"
                        },
                        "meta": {
                            "e2bfb730-ecaa-11e6-8f88-34363bc7c4c0": {
                                "create": 600000000000,
                                "delete": 1200000000000,
                                "update": 600000000000
                            },
                            "schema_version": "1"
                        },
                        "tainted": false
                    },
                    "deposed": [],
                    "provider": "provider.aws"
                },
                "aws_key_pair.ops_manager": {
                    "type": "aws_key_pair",
                    "depends_on": [
                        "tls_private_key.ops_manager"
                    ],
                    "primary": {
                        "id": "aws-pivotal-ops-manager-key",
                        "attributes": {
                            "fingerprint": "e4:fc:c1:62:53:ed:b1:f2:dd:c1:cd:ca:fa:08:8c:d7",
                            "id": "aws-pivotal-ops-manager-key",
                            "key_name": "aws-pivotal-ops-manager-key",
                            "public_key": "ssh-rsa AAAAB3NzaC1yc2EAAAADAQABAAACAQDSZiFUcidx6GmKMqha0jQJJ6ln3+wY+99fybCQ9rwCgIHeas1l7bJ39i3v6PCAUDdGpFLx2SIUi1C5niKw+yBz47uGIllm16cZ0t8okZbs+/yQQVALeca2pf/psCNWcGXgIbJXBSR+Mufe8FB8Hne8BQPQH9mIJxJOsHxjYpl0ip32QHcT2AxG9HBnW/UuxgoDuL3MRR2h6rVCUtfTMPEP/T+cDgjO4+o4tzvw6BzLUc2/TrREOPVJM0pHQXUKylfI9RXO3k/urRdIwNGVOJYJyGGgBp3nhd7HyQ2cp2zVMmSGbWx68ZFMy2jcHs09dFjNmIcGOmrtkeXm4VAbikP0gu1oXx+TlIOupjd9/tjMbUiW0nDK3M81eLIdGA4WWdpe2yZJM/G6rSlDNPO82H5oQXHt4ZwVwdzRbK6auSS5Kl/5oUNVPRMqwMavkyyyDCSJ9omR1zgFYs3MwCQDIlYPvyTqK9OLNzMjpfmEBnrhE2gXTR58XVj2ojYHP2rzKP+yA3r9aIfsXGtIY3ts88tfy2HEorkZ7BjB3hL9c6XXHQPwUOA04UXs31AZ42tDxFWBu4ZFZ6bRGqJx3YxApyJz4sNuS9pJQRq37iQRflqUBYJFdcZb2/B1eWS2Y2hodO6Pn00HY71Scu6x6e3fE6TGxFrYpYnGmYP+adCI5PNncw=="
                        },
                        "meta": {
                            "schema_version": "1"
                        },
                        "tainted": false
                    },
                    "deposed": [],
                    "provider": "provider.aws"
                },
                "aws_route53_record.ops_manager_attached_eip": {
                    "type": "aws_route53_record",
                    "depends_on": [
                        "aws_eip.ops_manager_attached.*",
                        "aws_instance.ops_manager",
                        "local.use_route53"
                    ],
                    "primary": {
                        "id": "ZMO34VG5NSSCS_pcf.aws-pivotal.dcp-greendot.com_A",
                        "attributes": {
                            "fqdn": "pcf.aws-pivotal.dcp-greendot.com",
                            "id": "ZMO34VG5NSSCS_pcf.aws-pivotal.dcp-greendot.com_A",
                            "name": "pcf.aws-pivotal.dcp-greendot.com",
                            "records.#": "1",
                            "records.979007007": "52.40.15.166",
                            "ttl": "300",
                            "type": "A",
                            "zone_id": "ZMO34VG5NSSCS"
                        },
                        "meta": {
                            "schema_version": "2"
                        },
                        "tainted": false
                    },
                    "deposed": [],
                    "provider": "provider.aws"
                },
                "aws_s3_bucket.ops_manager_bucket": {
                    "type": "aws_s3_bucket",
                    "depends_on": [],
                    "primary": {
                        "id": "aws-pivotal-ops-manager-bucket-51146",
                        "attributes": {
                            "acl": "private",
                            "bucket": "aws-pivotal-ops-manager-bucket-51146",
                            "force_destroy": "true",
                            "id": "aws-pivotal-ops-manager-bucket-51146",
                            "tags.%": "4",
                            "tags.Application": "Cloud Foundry",
                            "tags.Environment": "aws-pivotal",
                            "tags.Name": "Ops Manager S3 Bucket",
                            "tags.owner": "dcp-pas-hari"
                        },
                        "meta": {},
                        "tainted": false
                    },
                    "deposed": [],
                    "provider": "provider.aws"
                },
                "aws_security_group.ops_manager_security_group": {
                    "type": "aws_security_group",
                    "depends_on": [],
                    "primary": {
                        "id": "sg-0ba728c2755abad29",
                        "attributes": {
                            "arn": "arn:aws:ec2:us-west-2:551061066810:security-group/sg-0ba728c2755abad29",
                            "description": "Ops Manager Security Group",
                            "egress.#": "1",
                            "egress.482069346.cidr_blocks.#": "1",
                            "egress.482069346.cidr_blocks.0": "0.0.0.0/0",
                            "egress.482069346.description": "",
                            "egress.482069346.from_port": "0",
                            "egress.482069346.ipv6_cidr_blocks.#": "0",
                            "egress.482069346.prefix_list_ids.#": "0",
                            "egress.482069346.protocol": "-1",
                            "egress.482069346.security_groups.#": "0",
                            "egress.482069346.self": "false",
                            "egress.482069346.to_port": "0",
                            "id": "sg-0ba728c2755abad29",
                            "ingress.#": "3",
                            "ingress.2214680975.cidr_blocks.#": "1",
                            "ingress.2214680975.cidr_blocks.0": "0.0.0.0/0",
                            "ingress.2214680975.description": "",
                            "ingress.2214680975.from_port": "80",
                            "ingress.2214680975.ipv6_cidr_blocks.#": "0",
                            "ingress.2214680975.prefix_list_ids.#": "0",
                            "ingress.2214680975.protocol": "tcp",
                            "ingress.2214680975.security_groups.#": "0",
                            "ingress.2214680975.self": "false",
                            "ingress.2214680975.to_port": "80",
                            "ingress.2541437006.cidr_blocks.#": "1",
                            "ingress.2541437006.cidr_blocks.0": "0.0.0.0/0",
                            "ingress.2541437006.description": "",
                            "ingress.2541437006.from_port": "22",
                            "ingress.2541437006.ipv6_cidr_blocks.#": "0",
                            "ingress.2541437006.prefix_list_ids.#": "0",
                            "ingress.2541437006.protocol": "tcp",
                            "ingress.2541437006.security_groups.#": "0",
                            "ingress.2541437006.self": "false",
                            "ingress.2541437006.to_port": "22",
                            "ingress.2617001939.cidr_blocks.#": "1",
                            "ingress.2617001939.cidr_blocks.0": "0.0.0.0/0",
                            "ingress.2617001939.description": "",
                            "ingress.2617001939.from_port": "443",
                            "ingress.2617001939.ipv6_cidr_blocks.#": "0",
                            "ingress.2617001939.prefix_list_ids.#": "0",
                            "ingress.2617001939.protocol": "tcp",
                            "ingress.2617001939.security_groups.#": "0",
                            "ingress.2617001939.self": "false",
                            "ingress.2617001939.to_port": "443",
                            "name": "ops_manager_security_group",
                            "owner_id": "551061066810",
                            "revoke_rules_on_delete": "false",
                            "tags.%": "4",
                            "tags.Application": "Cloud Foundry",
                            "tags.Environment": "aws-pivotal",
                            "tags.Name": "aws-pivotal-ops-manager-security-group",
                            "tags.owner": "dcp-pas-hari",
                            "vpc_id": "vpc-0d2c8bec11ea6811d"
                        },
                        "meta": {
                            "e2bfb730-ecaa-11e6-8f88-34363bc7c4c0": {
                                "create": 600000000000,
                                "delete": 600000000000
                            },
                            "schema_version": "1"
                        },
                        "tainted": false
                    },
                    "deposed": [],
                    "provider": "provider.aws"
                },
                "tls_private_key.ops_manager": {
                    "type": "tls_private_key",
                    "depends_on": [],
                    "primary": {
                        "id": "ab29e2052458edc56c2e71b2ea92ca717c858e29",
                        "attributes": {
                            "algorithm": "RSA",
                            "ecdsa_curve": "P224",
                            "id": "ab29e2052458edc56c2e71b2ea92ca717c858e29",
                            "private_key_pem": "-----BEGIN RSA PRIVATE KEY-----\nMIIJKwIBAAKCAgEA0mYhVHIncehpijKoWtI0CSepZ9/sGPvfX8mwkPa8AoCB3mrN\nZe2yd/Yt7+jwgFA3RqRS8dkiFItQuZ4isPsgc+O7hiJZZtenGdLfKJGW7Pv8kEFQ\nC3nGtqX/6bAjVnBl4CGyVwUkfjLn3vBQfB53vAUD0B/ZiCcSTrB8Y2KZdIqd9kB3\nE9gMRvRwZ1v1LsYKA7i9zEUdoeq1QlLX0zDxD/0/nA4IzuPqOLc78Ogcy1HNv060\nRDj1STNKR0F1CspXyPUVzt5P7q0XSMDRlTiWCchhoAad54Xex8kNnKds1TJkhm1s\nevGRTMto3B7NPXRYzZiHBjpq7ZHl5uFQG4pD9ILtaF8fk5SDrqY3ff7YzG1IltJw\nytzPNXiyHRgOFlnaXtsmSTPxuq0pQzTzvNh+aEFx7eGcFcHc0WyumrkkuSpf+aFD\nVT0TKsDGr5MssgwkifaJkdc4BWLNzMAkAyJWD78k6ivTizczI6X5hAZ64RNoF00e\nfF1Y9qI2Bz9q8yj/sgN6/WiH7FxrSGN7bPPLX8thxKK5GewYwd4S/XOl1x0D8FDg\nNOFF7N9QGeNrQ8RVgbuGRWem0Rqicd2MQKcic+LDbkvaSUEat+4kEX5alAWCRXXG\nW9vwdXlktmNoaHTuj59NB2O9UnLusent3xOkxsRa2KWJxpmD/mnQiOTzZ3MCAwEA\nAQKCAgEApI3+OWbC1QMaMF0ocUgALLzZcQWgSXYNIYTEVMy1BRvu9r7/gF3k/JAN\nI5tDJogWg2iX+tGBJyJC87nrlhIDMsCFdQY+eAHojnjv0nHz4cu/oC+E5ETNFyND\nwUjiioOEGkUgj5DVFuLHmQTJXhoSOXqOneObJjKwzdyYnL6MGKslmmiW+W07RO9/\nTkeMvpVjVb/SqgXQhEfmlkXmySV5FLFUY8BSQUXedZdSCTvw8VA8pAhxUv5dUXAN\nAyf923+gIusUsGQNjjXQhTVRdez45BPVzuv96gs4z3a+76u+ogw0tTK16n4uzyo0\nDB0HFq59medWi5d68+3tKqNEHRYJyLLQJpbeF/vFkGnkiNINW8EBROt245X1/DIx\n/FArjj+4cNpXg2kx67jhvo/tWH4gbQkXQy0HdgQ/7MA06o+nmpA49ZV+lit8WaXq\nmPzukNFcbS0Szv9zfHy6vMMzUuLocgsrIo7MFOqrl8OsFpp+wQiP5oJTsHpGaFs0\nAs9dus0m7ZT/aE47twRDcKCmpxKCKm1ymrg9OvSQscKGLvpnD97UqAgZ5LKG7MCC\nUjxwa/dAc/w+PaPgKkvsstbJGZurQmQzad+dRyF8X5X9lDdAFErP2uv5z0DS1qFY\nkHGyfF+VXyZhQproaIn/GC2RzP9UJvSzgHqruWmhFv+QyKbQ1YkCggEBAO2W/NWV\nK3r38i/bFxd7iQaDpsor8Cmjc3RMWPZp9DdTkc/z3NVuAffGHJVoTzgjBBNgWaK4\nJk70W8EnnkIiEHo7cXt8Lzqo8V9DuyXGtXeG3XIJfuxuRyW6fBTfk4UIqqKGMNzM\ntT30P+uopjnyv/P61Giu+kmbJfYOCTwiVut1rbtZ/HSVZwf1mvqwCjm2r6Rr/Rpg\njitycJrLmOSJkoZuYKRxNU5GJ02vDAZyJ39s0vARcUMT5A4iT1QXKnDYqzSTvzJ4\nEj9g7Xpf4ADrh+eDIkaU5AIeq0q9fSfQykVwOKuWiq6ouxoohB+GMtWV0axqYKlz\nwlBLBe4MxxgcL28CggEBAOKzw55+cNIc1W6o5zpca5HlarZJQ55r0h5MO2XZ0kwg\ndkbDibpcUh+tOJ/0Y6e21rW55TbNGwRNLXHc93Ulifz0XxS9tKZ4PiyarcnQD09f\nLQCFtQ9x4FHOZj2E4kFz8oGd3wWlK8Y621xceNvAxhADqJP21BS8Zgc1QJ3mGBpj\nvZxdfWf6YsS8xhYgBx45H3NBRkhDMZbEnz/5DCoc10aEBsRm+7dmhV5APkKvwpNe\nldla0XcbpyQmM4K4XWn4qfZaFh6MEc3pMVSzPHVn/1oYD585kCFzBJx8Jw6EjcS5\nQWHbsNftM+uh6dKvlHaW+Xv+4wE0TDBwB/zoML0Yhj0CggEBAIGodWBFoM3hw+xz\n3v00sIm6jOol4lGG3rnn9GC9X8ZVt+xJhAmBmFdUaULsAtd63H2KhkAzyMwrtGsL\nqOUkW+Oozvx5v/h+PAMmHlq2P0/0bKMQJZD3eaJQS+jEPmhKW3yISOAmYv5lbgC4\nL8bOAA0wpHxgiTxkC+pkrIuBnfevZ9kneYtSAUEpuqL2MQ5f8SiEukKL0OpK8MK5\nOz31Cd6NG/aBxXpq9IYDckeOQpnalJ7olevqTfmcpbgZUFL3Gy99NclgF205A0BW\nVBOMdcVVHf5wwKGbhRUrpcJ1wfz1Cigx5or8j+btl3Twsos20I8MGqY/Axr4ZksL\n9BbnQscCggEBAIsSVFMKphN/dL9qBk+bGrJp1sj0sPKimkfT5CxbL9NbprNKiVc2\nA3tDPJWDyw6774OUArVXpddBsTtEntnSqY/wKdQDfKsS4LFkQnCnnnzGmkjTvXs4\nFLCaucXLmzEj/ATf4E0KQoxc1u0WHV5SKC7yz5vVs8z0tnJ9jKJQ4UBvJ4ahI6mB\nxM2EMNCp3TQBPvXpeUAjWGxxOnB4S6oZ/0ZW///EXW7pCbAEIS2vvOHDCJJKUG2N\nHT/j3321tDiqPznNkfwzWUjEYWrgeZpcrh2K3SqEmZKriIym7R7O2llwfFeX+ii8\nbzmCHnsNEzqc63fRqVi3yHV+hKf1mNCoFtECggEBAJSa7DueKuuroYt2UKgNUpW8\nKQE2VCN1vH2eaHqmkD1klEiR984BPuhEZlQJeLfl3WjP82d8WHMT4eDhLafSnX/a\n6/+jVlzuVi6F6Nw+x9PZhBEfgJ5rAv7t8SqBM386fiL8/C+tqyfMwVNiZ0OTQOAe\nSfv49LEi81fRPhVbIHVoLGfUJQctDXgclXc3EeCbKEuLD5pT1NlSnWZuph+0kaK8\nP8haReShoslC2hVnwuHgilT/DNGDscHDnLYYiV604EPqkQPzaF829W1Yz2/Kr8sb\nw+4wVw0ttN/f8t2+5QYF5ywHUlX2JnRQtDb8dH51nOdpaSis5rOUBziBX3WBPfU=\n-----END RSA PRIVATE KEY-----\n",
                            "public_key_fingerprint_md5": "36:9e:07:86:86:b5:69:55:6f:82:32:c0:ba:59:30:9d",
                            "public_key_openssh": "ssh-rsa AAAAB3NzaC1yc2EAAAADAQABAAACAQDSZiFUcidx6GmKMqha0jQJJ6ln3+wY+99fybCQ9rwCgIHeas1l7bJ39i3v6PCAUDdGpFLx2SIUi1C5niKw+yBz47uGIllm16cZ0t8okZbs+/yQQVALeca2pf/psCNWcGXgIbJXBSR+Mufe8FB8Hne8BQPQH9mIJxJOsHxjYpl0ip32QHcT2AxG9HBnW/UuxgoDuL3MRR2h6rVCUtfTMPEP/T+cDgjO4+o4tzvw6BzLUc2/TrREOPVJM0pHQXUKylfI9RXO3k/urRdIwNGVOJYJyGGgBp3nhd7HyQ2cp2zVMmSGbWx68ZFMy2jcHs09dFjNmIcGOmrtkeXm4VAbikP0gu1oXx+TlIOupjd9/tjMbUiW0nDK3M81eLIdGA4WWdpe2yZJM/G6rSlDNPO82H5oQXHt4ZwVwdzRbK6auSS5Kl/5oUNVPRMqwMavkyyyDCSJ9omR1zgFYs3MwCQDIlYPvyTqK9OLNzMjpfmEBnrhE2gXTR58XVj2ojYHP2rzKP+yA3r9aIfsXGtIY3ts88tfy2HEorkZ7BjB3hL9c6XXHQPwUOA04UXs31AZ42tDxFWBu4ZFZ6bRGqJx3YxApyJz4sNuS9pJQRq37iQRflqUBYJFdcZb2/B1eWS2Y2hodO6Pn00HY71Scu6x6e3fE6TGxFrYpYnGmYP+adCI5PNncw==\n",
                            "public_key_pem": "-----BEGIN PUBLIC KEY-----\nMIICIjANBgkqhkiG9w0BAQEFAAOCAg8AMIICCgKCAgEA0mYhVHIncehpijKoWtI0\nCSepZ9/sGPvfX8mwkPa8AoCB3mrNZe2yd/Yt7+jwgFA3RqRS8dkiFItQuZ4isPsg\nc+O7hiJZZtenGdLfKJGW7Pv8kEFQC3nGtqX/6bAjVnBl4CGyVwUkfjLn3vBQfB53\nvAUD0B/ZiCcSTrB8Y2KZdIqd9kB3E9gMRvRwZ1v1LsYKA7i9zEUdoeq1QlLX0zDx\nD/0/nA4IzuPqOLc78Ogcy1HNv060RDj1STNKR0F1CspXyPUVzt5P7q0XSMDRlTiW\nCchhoAad54Xex8kNnKds1TJkhm1sevGRTMto3B7NPXRYzZiHBjpq7ZHl5uFQG4pD\n9ILtaF8fk5SDrqY3ff7YzG1IltJwytzPNXiyHRgOFlnaXtsmSTPxuq0pQzTzvNh+\naEFx7eGcFcHc0WyumrkkuSpf+aFDVT0TKsDGr5MssgwkifaJkdc4BWLNzMAkAyJW\nD78k6ivTizczI6X5hAZ64RNoF00efF1Y9qI2Bz9q8yj/sgN6/WiH7FxrSGN7bPPL\nX8thxKK5GewYwd4S/XOl1x0D8FDgNOFF7N9QGeNrQ8RVgbuGRWem0Rqicd2MQKci\nc+LDbkvaSUEat+4kEX5alAWCRXXGW9vwdXlktmNoaHTuj59NB2O9UnLusent3xOk\nxsRa2KWJxpmD/mnQiOTzZ3MCAwEAAQ==\n-----END PUBLIC KEY-----\n",
                            "rsa_bits": "4096"
                        },
                        "meta": {},
                        "tainted": false
                    },
                    "deposed": [],
                    "provider": "provider.tls"
                }
            },
            "depends_on": []
        },
        {
            "path": [
                "root",
                "pas"
            ],
            "outputs": {
                "blobstore_kms_key_id": {
                    "sensitive": false,
                    "type": "string",
                    "value": "17b463ca-6612-4016-bb02-a4c5effa14bc"
                },
                "iam_pas_bucket_role_arn": {
                    "sensitive": false,
                    "type": "string",
                    "value": "arn:aws:iam::551061066810:role/aws-pivotal_pas_bucket_access"
                },
                "isoseg_target_groups": {
                    "sensitive": false,
                    "type": "list",
                    "value": [
                        "",
                        "",
                        ""
                    ]
                },
                "pas_bucket_iam_instance_profile_name": {
                    "sensitive": false,
                    "type": "string",
                    "value": "aws-pivotal_pas_bucket_access"
                },
                "pas_buildpacks_backup_bucket": {
                    "sensitive": false,
                    "type": "string",
                    "value": ""
                },
                "pas_droplets_backup_bucket": {
                    "sensitive": false,
                    "type": "string",
                    "value": ""
                },
                "pas_packages_backup_bucket": {
                    "sensitive": false,
                    "type": "string",
                    "value": ""
                },
                "pas_resources_backup_bucket": {
                    "sensitive": false,
                    "type": "string",
                    "value": ""
                },
                "pas_subnet_availability_zones": {
                    "sensitive": false,
                    "type": "list",
                    "value": [
                        "us-west-2a",
                        "us-west-2b"
                    ]
                },
                "pas_subnet_cidrs": {
                    "sensitive": false,
                    "type": "list",
                    "value": [
                        "10.2.4.0/24",
                        "10.2.5.0/24"
                    ]
                },
                "pas_subnet_gateways": {
                    "sensitive": false,
                    "type": "list",
                    "value": [
                        "10.2.4.1",
                        "10.2.5.1"
                    ]
                },
                "pas_subnet_ids": {
                    "sensitive": false,
                    "type": "list",
                    "value": [
                        "subnet-0f9cb5b2bf9db4e49",
                        "subnet-009db8aec7c358693"
                    ]
                },
                "services_subnet_availability_zones": {
                    "sensitive": false,
                    "type": "list",
                    "value": [
                        "us-west-2a",
                        "us-west-2b"
                    ]
                },
                "services_subnet_cidrs": {
                    "sensitive": false,
                    "type": "list",
                    "value": [
                        "10.2.8.0/24",
                        "10.2.9.0/24"
                    ]
                },
                "services_subnet_gateways": {
                    "sensitive": false,
                    "type": "list",
                    "value": [
                        "10.2.8.1",
                        "10.2.9.1"
                    ]
                },
                "services_subnet_ids": {
                    "sensitive": false,
                    "type": "list",
                    "value": [
                        "subnet-0744d7035bf7fcc4c",
                        "subnet-0f4839fa1fd5b320f"
                    ]
                },
                "ssh_target_groups": {
                    "sensitive": false,
                    "type": "list",
                    "value": [
                        "aws-pivotal-ssh-tg"
                    ]
                },
                "tcp_target_groups": {
                    "sensitive": false,
                    "type": "list",
                    "value": [
                        "aws-pivotal-tg-1024",
                        "aws-pivotal-tg-1025",
                        "aws-pivotal-tg-1026",
                        "aws-pivotal-tg-1027",
                        "aws-pivotal-tg-1028",
                        "aws-pivotal-tg-1029",
                        "aws-pivotal-tg-1030",
                        "aws-pivotal-tg-1031",
                        "aws-pivotal-tg-1032",
                        "aws-pivotal-tg-1033"
                    ]
                },
                "web_target_groups": {
                    "sensitive": false,
                    "type": "list",
                    "value": [
                        "aws-pivotal-web-tg-80",
                        "aws-pivotal-web-tg-443"
                    ]
                }
            },
            "resources": {
                "aws_iam_instance_profile.pas_bucket_access": {
                    "type": "aws_iam_instance_profile",
                    "depends_on": [
                        "aws_iam_role.pas_bucket_access"
                    ],
                    "primary": {
                        "id": "aws-pivotal_pas_bucket_access",
                        "attributes": {
                            "arn": "arn:aws:iam::551061066810:instance-profile/aws-pivotal_pas_bucket_access",
                            "create_date": "2019-03-26T03:22:17Z",
                            "id": "aws-pivotal_pas_bucket_access",
                            "name": "aws-pivotal_pas_bucket_access",
                            "path": "/",
                            "role": "aws-pivotal_pas_bucket_access",
                            "roles.#": "0",
                            "unique_id": "AIPAJSGXMSYD5BQTXRJL2"
                        },
                        "meta": {},
                        "tainted": false
                    },
                    "deposed": [],
                    "provider": "provider.aws"
                },
                "aws_iam_role.pas_bucket_access": {
                    "type": "aws_iam_role",
                    "depends_on": [],
                    "primary": {
                        "id": "aws-pivotal_pas_bucket_access",
                        "attributes": {
                            "arn": "arn:aws:iam::551061066810:role/aws-pivotal_pas_bucket_access",
                            "assume_role_policy": "{\"Version\":\"2012-10-17\",\"Statement\":[{\"Effect\":\"Allow\",\"Principal\":{\"Service\":\"ec2.amazonaws.com\"},\"Action\":\"sts:AssumeRole\"}]}",
                            "create_date": "2019-03-26T03:22:15Z",
                            "description": "",
                            "force_detach_policies": "false",
                            "id": "aws-pivotal_pas_bucket_access",
                            "max_session_duration": "3600",
                            "name": "aws-pivotal_pas_bucket_access",
                            "path": "/",
                            "tags.%": "0",
                            "unique_id": "AROAI4W46L25PIG25SOXI"
                        },
                        "meta": {},
                        "tainted": false
                    },
                    "deposed": [],
                    "provider": "provider.aws"
                },
                "aws_kms_alias.blobstore_kms_key_alias": {
                    "type": "aws_kms_alias",
                    "depends_on": [
                        "aws_kms_key.blobstore_kms_key"
                    ],
                    "primary": {
                        "id": "alias/aws-pivotal",
                        "attributes": {
                            "arn": "arn:aws:kms:us-west-2:551061066810:alias/aws-pivotal",
                            "id": "alias/aws-pivotal",
                            "name": "alias/aws-pivotal",
                            "target_key_arn": "arn:aws:kms:us-west-2:551061066810:key/17b463ca-6612-4016-bb02-a4c5effa14bc",
                            "target_key_id": "17b463ca-6612-4016-bb02-a4c5effa14bc"
                        },
                        "meta": {},
                        "tainted": false
                    },
                    "deposed": [],
                    "provider": "provider.aws"
                },
                "aws_kms_key.blobstore_kms_key": {
                    "type": "aws_kms_key",
                    "depends_on": [],
                    "primary": {
                        "id": "17b463ca-6612-4016-bb02-a4c5effa14bc",
                        "attributes": {
                            "arn": "arn:aws:kms:us-west-2:551061066810:key/17b463ca-6612-4016-bb02-a4c5effa14bc",
                            "deletion_window_in_days": "7",
                            "description": "aws-pivotal KMS key",
                            "enable_key_rotation": "false",
                            "id": "17b463ca-6612-4016-bb02-a4c5effa14bc",
                            "is_enabled": "true",
                            "key_id": "17b463ca-6612-4016-bb02-a4c5effa14bc",
                            "key_usage": "ENCRYPT_DECRYPT",
                            "policy": "{\"Id\":\"key-default-1\",\"Statement\":[{\"Action\":\"kms:*\",\"Effect\":\"Allow\",\"Principal\":{\"AWS\":\"arn:aws:iam::551061066810:root\"},\"Resource\":\"*\",\"Sid\":\"Enable IAM User Permissions\"}],\"Version\":\"2012-10-17\"}",
                            "tags.%": "4",
                            "tags.Application": "Cloud Foundry",
                            "tags.Environment": "aws-pivotal",
                            "tags.Name": "aws-pivotal Blobstore KMS Key",
                            "tags.owner": "dcp-pas-hari"
                        },
                        "meta": {},
                        "tainted": false
                    },
                    "deposed": [],
                    "provider": "provider.aws"
                },
                "aws_lb.ssh": {
                    "type": "aws_lb",
                    "depends_on": [],
                    "primary": {
                        "id": "arn:aws:elasticloadbalancing:us-west-2:551061066810:loadbalancer/net/aws-pivotal-ssh-lb/b88ad45df2fd27fd",
                        "attributes": {
                            "access_logs.#": "0",
                            "arn": "arn:aws:elasticloadbalancing:us-west-2:551061066810:loadbalancer/net/aws-pivotal-ssh-lb/b88ad45df2fd27fd",
                            "arn_suffix": "net/aws-pivotal-ssh-lb/b88ad45df2fd27fd",
                            "dns_name": "aws-pivotal-ssh-lb-b88ad45df2fd27fd.elb.us-west-2.amazonaws.com",
                            "enable_cross_zone_load_balancing": "true",
                            "enable_deletion_protection": "false",
                            "id": "arn:aws:elasticloadbalancing:us-west-2:551061066810:loadbalancer/net/aws-pivotal-ssh-lb/b88ad45df2fd27fd",
                            "internal": "false",
                            "ip_address_type": "ipv4",
                            "load_balancer_type": "network",
                            "name": "aws-pivotal-ssh-lb",
                            "security_groups.#": "0",
                            "subnet_mapping.#": "0",
                            "subnets.#": "2",
                            "subnets.1535156104": "subnet-0f2be1ac52491db60",
                            "subnets.2609262452": "subnet-09f867eae6b7a5f08",
                            "tags.%": "0",
                            "vpc_id": "vpc-0d2c8bec11ea6811d",
                            "zone_id": "Z18D5FSROUN65G"
                        },
                        "meta": {
                            "e2bfb730-ecaa-11e6-8f88-34363bc7c4c0": {
                                "create": 600000000000,
                                "delete": 600000000000,
                                "update": 600000000000
                            }
                        },
                        "tainted": false
                    },
                    "deposed": [],
                    "provider": "provider.aws"
                },
                "aws_lb.tcp": {
                    "type": "aws_lb",
                    "depends_on": [],
                    "primary": {
                        "id": "arn:aws:elasticloadbalancing:us-west-2:551061066810:loadbalancer/net/aws-pivotal-tcp-lb/24d2b9bdc620afd3",
                        "attributes": {
                            "access_logs.#": "0",
                            "arn": "arn:aws:elasticloadbalancing:us-west-2:551061066810:loadbalancer/net/aws-pivotal-tcp-lb/24d2b9bdc620afd3",
                            "arn_suffix": "net/aws-pivotal-tcp-lb/24d2b9bdc620afd3",
                            "dns_name": "aws-pivotal-tcp-lb-24d2b9bdc620afd3.elb.us-west-2.amazonaws.com",
                            "enable_cross_zone_load_balancing": "true",
                            "enable_deletion_protection": "false",
                            "id": "arn:aws:elasticloadbalancing:us-west-2:551061066810:loadbalancer/net/aws-pivotal-tcp-lb/24d2b9bdc620afd3",
                            "internal": "false",
                            "ip_address_type": "ipv4",
                            "load_balancer_type": "network",
                            "name": "aws-pivotal-tcp-lb",
                            "security_groups.#": "0",
                            "subnet_mapping.#": "0",
                            "subnets.#": "2",
                            "subnets.1535156104": "subnet-0f2be1ac52491db60",
                            "subnets.2609262452": "subnet-09f867eae6b7a5f08",
                            "tags.%": "0",
                            "vpc_id": "vpc-0d2c8bec11ea6811d",
                            "zone_id": "Z18D5FSROUN65G"
                        },
                        "meta": {
                            "e2bfb730-ecaa-11e6-8f88-34363bc7c4c0": {
                                "create": 600000000000,
                                "delete": 600000000000,
                                "update": 600000000000
                            }
                        },
                        "tainted": false
                    },
                    "deposed": [],
                    "provider": "provider.aws"
                },
                "aws_lb.web": {
                    "type": "aws_lb",
                    "depends_on": [],
                    "primary": {
                        "id": "arn:aws:elasticloadbalancing:us-west-2:551061066810:loadbalancer/net/aws-pivotal-web-lb/e820ff77c735439e",
                        "attributes": {
                            "access_logs.#": "0",
                            "arn": "arn:aws:elasticloadbalancing:us-west-2:551061066810:loadbalancer/net/aws-pivotal-web-lb/e820ff77c735439e",
                            "arn_suffix": "net/aws-pivotal-web-lb/e820ff77c735439e",
                            "dns_name": "aws-pivotal-web-lb-e820ff77c735439e.elb.us-west-2.amazonaws.com",
                            "enable_cross_zone_load_balancing": "true",
                            "enable_deletion_protection": "false",
                            "id": "arn:aws:elasticloadbalancing:us-west-2:551061066810:loadbalancer/net/aws-pivotal-web-lb/e820ff77c735439e",
                            "internal": "false",
                            "ip_address_type": "ipv4",
                            "load_balancer_type": "network",
                            "name": "aws-pivotal-web-lb",
                            "security_groups.#": "0",
                            "subnet_mapping.#": "0",
                            "subnets.#": "2",
                            "subnets.1535156104": "subnet-0f2be1ac52491db60",
                            "subnets.2609262452": "subnet-09f867eae6b7a5f08",
                            "tags.%": "0",
                            "vpc_id": "vpc-0d2c8bec11ea6811d",
                            "zone_id": "Z18D5FSROUN65G"
                        },
                        "meta": {
                            "e2bfb730-ecaa-11e6-8f88-34363bc7c4c0": {
                                "create": 600000000000,
                                "delete": 600000000000,
                                "update": 600000000000
                            }
                        },
                        "tainted": false
                    },
                    "deposed": [],
                    "provider": "provider.aws"
                },
                "aws_lb_listener.ssh": {
                    "type": "aws_lb_listener",
                    "depends_on": [
                        "aws_lb.ssh",
                        "aws_lb_target_group.ssh"
                    ],
                    "primary": {
                        "id": "arn:aws:elasticloadbalancing:us-west-2:551061066810:listener/net/aws-pivotal-ssh-lb/b88ad45df2fd27fd/faa35977486b798f",
                        "attributes": {
                            "arn": "arn:aws:elasticloadbalancing:us-west-2:551061066810:listener/net/aws-pivotal-ssh-lb/b88ad45df2fd27fd/faa35977486b798f",
                            "default_action.#": "1",
                            "default_action.0.authenticate_cognito.#": "0",
                            "default_action.0.authenticate_oidc.#": "0",
                            "default_action.0.fixed_response.#": "0",
                            "default_action.0.order": "1",
                            "default_action.0.redirect.#": "0",
                            "default_action.0.target_group_arn": "arn:aws:elasticloadbalancing:us-west-2:551061066810:targetgroup/aws-pivotal-ssh-tg/4ba365428d6d91dd",
                            "default_action.0.type": "forward",
                            "id": "arn:aws:elasticloadbalancing:us-west-2:551061066810:listener/net/aws-pivotal-ssh-lb/b88ad45df2fd27fd/faa35977486b798f",
                            "load_balancer_arn": "arn:aws:elasticloadbalancing:us-west-2:551061066810:loadbalancer/net/aws-pivotal-ssh-lb/b88ad45df2fd27fd",
                            "port": "2222",
                            "protocol": "TCP",
                            "ssl_policy": ""
                        },
                        "meta": {
                            "e2bfb730-ecaa-11e6-8f88-34363bc7c4c0": {
                                "read": 600000000000
                            }
                        },
                        "tainted": false
                    },
                    "deposed": [],
                    "provider": "provider.aws"
                },
                "aws_lb_listener.tcp.0": {
                    "type": "aws_lb_listener",
                    "depends_on": [
                        "aws_lb.tcp",
                        "aws_lb_target_group.tcp.*",
                        "local.tcp_port_count"
                    ],
                    "primary": {
                        "id": "arn:aws:elasticloadbalancing:us-west-2:551061066810:listener/net/aws-pivotal-tcp-lb/24d2b9bdc620afd3/0619ba003f96c81b",
                        "attributes": {
                            "arn": "arn:aws:elasticloadbalancing:us-west-2:551061066810:listener/net/aws-pivotal-tcp-lb/24d2b9bdc620afd3/0619ba003f96c81b",
                            "default_action.#": "1",
                            "default_action.0.authenticate_cognito.#": "0",
                            "default_action.0.authenticate_oidc.#": "0",
                            "default_action.0.fixed_response.#": "0",
                            "default_action.0.order": "1",
                            "default_action.0.redirect.#": "0",
                            "default_action.0.target_group_arn": "arn:aws:elasticloadbalancing:us-west-2:551061066810:targetgroup/aws-pivotal-tg-1024/77a94827d05ffc96",
                            "default_action.0.type": "forward",
                            "id": "arn:aws:elasticloadbalancing:us-west-2:551061066810:listener/net/aws-pivotal-tcp-lb/24d2b9bdc620afd3/0619ba003f96c81b",
                            "load_balancer_arn": "arn:aws:elasticloadbalancing:us-west-2:551061066810:loadbalancer/net/aws-pivotal-tcp-lb/24d2b9bdc620afd3",
                            "port": "1024",
                            "protocol": "TCP",
                            "ssl_policy": ""
                        },
                        "meta": {
                            "e2bfb730-ecaa-11e6-8f88-34363bc7c4c0": {
                                "read": 600000000000
                            }
                        },
                        "tainted": false
                    },
                    "deposed": [],
                    "provider": "provider.aws"
                },
                "aws_lb_listener.tcp.1": {
                    "type": "aws_lb_listener",
                    "depends_on": [
                        "aws_lb.tcp",
                        "aws_lb_target_group.tcp.*",
                        "local.tcp_port_count"
                    ],
                    "primary": {
                        "id": "arn:aws:elasticloadbalancing:us-west-2:551061066810:listener/net/aws-pivotal-tcp-lb/24d2b9bdc620afd3/849a57baa334d186",
                        "attributes": {
                            "arn": "arn:aws:elasticloadbalancing:us-west-2:551061066810:listener/net/aws-pivotal-tcp-lb/24d2b9bdc620afd3/849a57baa334d186",
                            "default_action.#": "1",
                            "default_action.0.authenticate_cognito.#": "0",
                            "default_action.0.authenticate_oidc.#": "0",
                            "default_action.0.fixed_response.#": "0",
                            "default_action.0.order": "1",
                            "default_action.0.redirect.#": "0",
                            "default_action.0.target_group_arn": "arn:aws:elasticloadbalancing:us-west-2:551061066810:targetgroup/aws-pivotal-tg-1025/bf7f52b4b9eac96d",
                            "default_action.0.type": "forward",
                            "id": "arn:aws:elasticloadbalancing:us-west-2:551061066810:listener/net/aws-pivotal-tcp-lb/24d2b9bdc620afd3/849a57baa334d186",
                            "load_balancer_arn": "arn:aws:elasticloadbalancing:us-west-2:551061066810:loadbalancer/net/aws-pivotal-tcp-lb/24d2b9bdc620afd3",
                            "port": "1025",
                            "protocol": "TCP",
                            "ssl_policy": ""
                        },
                        "meta": {
                            "e2bfb730-ecaa-11e6-8f88-34363bc7c4c0": {
                                "read": 600000000000
                            }
                        },
                        "tainted": false
                    },
                    "deposed": [],
                    "provider": "provider.aws"
                },
                "aws_lb_listener.tcp.2": {
                    "type": "aws_lb_listener",
                    "depends_on": [
                        "aws_lb.tcp",
                        "aws_lb_target_group.tcp.*",
                        "local.tcp_port_count"
                    ],
                    "primary": {
                        "id": "arn:aws:elasticloadbalancing:us-west-2:551061066810:listener/net/aws-pivotal-tcp-lb/24d2b9bdc620afd3/51421d92e15a06bb",
                        "attributes": {
                            "arn": "arn:aws:elasticloadbalancing:us-west-2:551061066810:listener/net/aws-pivotal-tcp-lb/24d2b9bdc620afd3/51421d92e15a06bb",
                            "default_action.#": "1",
                            "default_action.0.authenticate_cognito.#": "0",
                            "default_action.0.authenticate_oidc.#": "0",
                            "default_action.0.fixed_response.#": "0",
                            "default_action.0.order": "1",
                            "default_action.0.redirect.#": "0",
                            "default_action.0.target_group_arn": "arn:aws:elasticloadbalancing:us-west-2:551061066810:targetgroup/aws-pivotal-tg-1026/fc3de8823b49eecb",
                            "default_action.0.type": "forward",
                            "id": "arn:aws:elasticloadbalancing:us-west-2:551061066810:listener/net/aws-pivotal-tcp-lb/24d2b9bdc620afd3/51421d92e15a06bb",
                            "load_balancer_arn": "arn:aws:elasticloadbalancing:us-west-2:551061066810:loadbalancer/net/aws-pivotal-tcp-lb/24d2b9bdc620afd3",
                            "port": "1026",
                            "protocol": "TCP",
                            "ssl_policy": ""
                        },
                        "meta": {
                            "e2bfb730-ecaa-11e6-8f88-34363bc7c4c0": {
                                "read": 600000000000
                            }
                        },
                        "tainted": false
                    },
                    "deposed": [],
                    "provider": "provider.aws"
                },
                "aws_lb_listener.tcp.3": {
                    "type": "aws_lb_listener",
                    "depends_on": [
                        "aws_lb.tcp",
                        "aws_lb_target_group.tcp.*",
                        "local.tcp_port_count"
                    ],
                    "primary": {
                        "id": "arn:aws:elasticloadbalancing:us-west-2:551061066810:listener/net/aws-pivotal-tcp-lb/24d2b9bdc620afd3/7b2b755e4e06edd9",
                        "attributes": {
                            "arn": "arn:aws:elasticloadbalancing:us-west-2:551061066810:listener/net/aws-pivotal-tcp-lb/24d2b9bdc620afd3/7b2b755e4e06edd9",
                            "default_action.#": "1",
                            "default_action.0.authenticate_cognito.#": "0",
                            "default_action.0.authenticate_oidc.#": "0",
                            "default_action.0.fixed_response.#": "0",
                            "default_action.0.order": "1",
                            "default_action.0.redirect.#": "0",
                            "default_action.0.target_group_arn": "arn:aws:elasticloadbalancing:us-west-2:551061066810:targetgroup/aws-pivotal-tg-1027/afd9932288a85e92",
                            "default_action.0.type": "forward",
                            "id": "arn:aws:elasticloadbalancing:us-west-2:551061066810:listener/net/aws-pivotal-tcp-lb/24d2b9bdc620afd3/7b2b755e4e06edd9",
                            "load_balancer_arn": "arn:aws:elasticloadbalancing:us-west-2:551061066810:loadbalancer/net/aws-pivotal-tcp-lb/24d2b9bdc620afd3",
                            "port": "1027",
                            "protocol": "TCP",
                            "ssl_policy": ""
                        },
                        "meta": {
                            "e2bfb730-ecaa-11e6-8f88-34363bc7c4c0": {
                                "read": 600000000000
                            }
                        },
                        "tainted": false
                    },
                    "deposed": [],
                    "provider": "provider.aws"
                },
                "aws_lb_listener.tcp.4": {
                    "type": "aws_lb_listener",
                    "depends_on": [
                        "aws_lb.tcp",
                        "aws_lb_target_group.tcp.*",
                        "local.tcp_port_count"
                    ],
                    "primary": {
                        "id": "arn:aws:elasticloadbalancing:us-west-2:551061066810:listener/net/aws-pivotal-tcp-lb/24d2b9bdc620afd3/5b34bdc341284e3e",
                        "attributes": {
                            "arn": "arn:aws:elasticloadbalancing:us-west-2:551061066810:listener/net/aws-pivotal-tcp-lb/24d2b9bdc620afd3/5b34bdc341284e3e",
                            "default_action.#": "1",
                            "default_action.0.authenticate_cognito.#": "0",
                            "default_action.0.authenticate_oidc.#": "0",
                            "default_action.0.fixed_response.#": "0",
                            "default_action.0.order": "1",
                            "default_action.0.redirect.#": "0",
                            "default_action.0.target_group_arn": "arn:aws:elasticloadbalancing:us-west-2:551061066810:targetgroup/aws-pivotal-tg-1028/9d10de90558007fa",
                            "default_action.0.type": "forward",
                            "id": "arn:aws:elasticloadbalancing:us-west-2:551061066810:listener/net/aws-pivotal-tcp-lb/24d2b9bdc620afd3/5b34bdc341284e3e",
                            "load_balancer_arn": "arn:aws:elasticloadbalancing:us-west-2:551061066810:loadbalancer/net/aws-pivotal-tcp-lb/24d2b9bdc620afd3",
                            "port": "1028",
                            "protocol": "TCP",
                            "ssl_policy": ""
                        },
                        "meta": {
                            "e2bfb730-ecaa-11e6-8f88-34363bc7c4c0": {
                                "read": 600000000000
                            }
                        },
                        "tainted": false
                    },
                    "deposed": [],
                    "provider": "provider.aws"
                },
                "aws_lb_listener.tcp.5": {
                    "type": "aws_lb_listener",
                    "depends_on": [
                        "aws_lb.tcp",
                        "aws_lb_target_group.tcp.*",
                        "local.tcp_port_count"
                    ],
                    "primary": {
                        "id": "arn:aws:elasticloadbalancing:us-west-2:551061066810:listener/net/aws-pivotal-tcp-lb/24d2b9bdc620afd3/4a8a6505649e26f9",
                        "attributes": {
                            "arn": "arn:aws:elasticloadbalancing:us-west-2:551061066810:listener/net/aws-pivotal-tcp-lb/24d2b9bdc620afd3/4a8a6505649e26f9",
                            "default_action.#": "1",
                            "default_action.0.authenticate_cognito.#": "0",
                            "default_action.0.authenticate_oidc.#": "0",
                            "default_action.0.fixed_response.#": "0",
                            "default_action.0.order": "1",
                            "default_action.0.redirect.#": "0",
                            "default_action.0.target_group_arn": "arn:aws:elasticloadbalancing:us-west-2:551061066810:targetgroup/aws-pivotal-tg-1029/5ec6f78d6331de87",
                            "default_action.0.type": "forward",
                            "id": "arn:aws:elasticloadbalancing:us-west-2:551061066810:listener/net/aws-pivotal-tcp-lb/24d2b9bdc620afd3/4a8a6505649e26f9",
                            "load_balancer_arn": "arn:aws:elasticloadbalancing:us-west-2:551061066810:loadbalancer/net/aws-pivotal-tcp-lb/24d2b9bdc620afd3",
                            "port": "1029",
                            "protocol": "TCP",
                            "ssl_policy": ""
                        },
                        "meta": {
                            "e2bfb730-ecaa-11e6-8f88-34363bc7c4c0": {
                                "read": 600000000000
                            }
                        },
                        "tainted": false
                    },
                    "deposed": [],
                    "provider": "provider.aws"
                },
                "aws_lb_listener.tcp.6": {
                    "type": "aws_lb_listener",
                    "depends_on": [
                        "aws_lb.tcp",
                        "aws_lb_target_group.tcp.*",
                        "local.tcp_port_count"
                    ],
                    "primary": {
                        "id": "arn:aws:elasticloadbalancing:us-west-2:551061066810:listener/net/aws-pivotal-tcp-lb/24d2b9bdc620afd3/3e35b0da9bdb53e4",
                        "attributes": {
                            "arn": "arn:aws:elasticloadbalancing:us-west-2:551061066810:listener/net/aws-pivotal-tcp-lb/24d2b9bdc620afd3/3e35b0da9bdb53e4",
                            "default_action.#": "1",
                            "default_action.0.authenticate_cognito.#": "0",
                            "default_action.0.authenticate_oidc.#": "0",
                            "default_action.0.fixed_response.#": "0",
                            "default_action.0.order": "1",
                            "default_action.0.redirect.#": "0",
                            "default_action.0.target_group_arn": "arn:aws:elasticloadbalancing:us-west-2:551061066810:targetgroup/aws-pivotal-tg-1030/b4da4628e3ed677d",
                            "default_action.0.type": "forward",
                            "id": "arn:aws:elasticloadbalancing:us-west-2:551061066810:listener/net/aws-pivotal-tcp-lb/24d2b9bdc620afd3/3e35b0da9bdb53e4",
                            "load_balancer_arn": "arn:aws:elasticloadbalancing:us-west-2:551061066810:loadbalancer/net/aws-pivotal-tcp-lb/24d2b9bdc620afd3",
                            "port": "1030",
                            "protocol": "TCP",
                            "ssl_policy": ""
                        },
                        "meta": {
                            "e2bfb730-ecaa-11e6-8f88-34363bc7c4c0": {
                                "read": 600000000000
                            }
                        },
                        "tainted": false
                    },
                    "deposed": [],
                    "provider": "provider.aws"
                },
                "aws_lb_listener.tcp.7": {
                    "type": "aws_lb_listener",
                    "depends_on": [
                        "aws_lb.tcp",
                        "aws_lb_target_group.tcp.*",
                        "local.tcp_port_count"
                    ],
                    "primary": {
                        "id": "arn:aws:elasticloadbalancing:us-west-2:551061066810:listener/net/aws-pivotal-tcp-lb/24d2b9bdc620afd3/66427472a3740dc2",
                        "attributes": {
                            "arn": "arn:aws:elasticloadbalancing:us-west-2:551061066810:listener/net/aws-pivotal-tcp-lb/24d2b9bdc620afd3/66427472a3740dc2",
                            "default_action.#": "1",
                            "default_action.0.authenticate_cognito.#": "0",
                            "default_action.0.authenticate_oidc.#": "0",
                            "default_action.0.fixed_response.#": "0",
                            "default_action.0.order": "1",
                            "default_action.0.redirect.#": "0",
                            "default_action.0.target_group_arn": "arn:aws:elasticloadbalancing:us-west-2:551061066810:targetgroup/aws-pivotal-tg-1031/7dd71d1e7666f7b9",
                            "default_action.0.type": "forward",
                            "id": "arn:aws:elasticloadbalancing:us-west-2:551061066810:listener/net/aws-pivotal-tcp-lb/24d2b9bdc620afd3/66427472a3740dc2",
                            "load_balancer_arn": "arn:aws:elasticloadbalancing:us-west-2:551061066810:loadbalancer/net/aws-pivotal-tcp-lb/24d2b9bdc620afd3",
                            "port": "1031",
                            "protocol": "TCP",
                            "ssl_policy": ""
                        },
                        "meta": {
                            "e2bfb730-ecaa-11e6-8f88-34363bc7c4c0": {
                                "read": 600000000000
                            }
                        },
                        "tainted": false
                    },
                    "deposed": [],
                    "provider": "provider.aws"
                },
                "aws_lb_listener.tcp.8": {
                    "type": "aws_lb_listener",
                    "depends_on": [
                        "aws_lb.tcp",
                        "aws_lb_target_group.tcp.*",
                        "local.tcp_port_count"
                    ],
                    "primary": {
                        "id": "arn:aws:elasticloadbalancing:us-west-2:551061066810:listener/net/aws-pivotal-tcp-lb/24d2b9bdc620afd3/0efdf450bddc13b0",
                        "attributes": {
                            "arn": "arn:aws:elasticloadbalancing:us-west-2:551061066810:listener/net/aws-pivotal-tcp-lb/24d2b9bdc620afd3/0efdf450bddc13b0",
                            "default_action.#": "1",
                            "default_action.0.authenticate_cognito.#": "0",
                            "default_action.0.authenticate_oidc.#": "0",
                            "default_action.0.fixed_response.#": "0",
                            "default_action.0.order": "1",
                            "default_action.0.redirect.#": "0",
                            "default_action.0.target_group_arn": "arn:aws:elasticloadbalancing:us-west-2:551061066810:targetgroup/aws-pivotal-tg-1032/7f44c312f4c46350",
                            "default_action.0.type": "forward",
                            "id": "arn:aws:elasticloadbalancing:us-west-2:551061066810:listener/net/aws-pivotal-tcp-lb/24d2b9bdc620afd3/0efdf450bddc13b0",
                            "load_balancer_arn": "arn:aws:elasticloadbalancing:us-west-2:551061066810:loadbalancer/net/aws-pivotal-tcp-lb/24d2b9bdc620afd3",
                            "port": "1032",
                            "protocol": "TCP",
                            "ssl_policy": ""
                        },
                        "meta": {
                            "e2bfb730-ecaa-11e6-8f88-34363bc7c4c0": {
                                "read": 600000000000
                            }
                        },
                        "tainted": false
                    },
                    "deposed": [],
                    "provider": "provider.aws"
                },
                "aws_lb_listener.tcp.9": {
                    "type": "aws_lb_listener",
                    "depends_on": [
                        "aws_lb.tcp",
                        "aws_lb_target_group.tcp.*",
                        "local.tcp_port_count"
                    ],
                    "primary": {
                        "id": "arn:aws:elasticloadbalancing:us-west-2:551061066810:listener/net/aws-pivotal-tcp-lb/24d2b9bdc620afd3/ea6a289c0ba173e1",
                        "attributes": {
                            "arn": "arn:aws:elasticloadbalancing:us-west-2:551061066810:listener/net/aws-pivotal-tcp-lb/24d2b9bdc620afd3/ea6a289c0ba173e1",
                            "default_action.#": "1",
                            "default_action.0.authenticate_cognito.#": "0",
                            "default_action.0.authenticate_oidc.#": "0",
                            "default_action.0.fixed_response.#": "0",
                            "default_action.0.order": "1",
                            "default_action.0.redirect.#": "0",
                            "default_action.0.target_group_arn": "arn:aws:elasticloadbalancing:us-west-2:551061066810:targetgroup/aws-pivotal-tg-1033/503dd9c2a953afd3",
                            "default_action.0.type": "forward",
                            "id": "arn:aws:elasticloadbalancing:us-west-2:551061066810:listener/net/aws-pivotal-tcp-lb/24d2b9bdc620afd3/ea6a289c0ba173e1",
                            "load_balancer_arn": "arn:aws:elasticloadbalancing:us-west-2:551061066810:loadbalancer/net/aws-pivotal-tcp-lb/24d2b9bdc620afd3",
                            "port": "1033",
                            "protocol": "TCP",
                            "ssl_policy": ""
                        },
                        "meta": {
                            "e2bfb730-ecaa-11e6-8f88-34363bc7c4c0": {
                                "read": 600000000000
                            }
                        },
                        "tainted": false
                    },
                    "deposed": [],
                    "provider": "provider.aws"
                },
                "aws_lb_listener.web_443": {
                    "type": "aws_lb_listener",
                    "depends_on": [
                        "aws_lb.web",
                        "aws_lb_target_group.web_443"
                    ],
                    "primary": {
                        "id": "arn:aws:elasticloadbalancing:us-west-2:551061066810:listener/net/aws-pivotal-web-lb/e820ff77c735439e/43dd8098cb3068ed",
                        "attributes": {
                            "arn": "arn:aws:elasticloadbalancing:us-west-2:551061066810:listener/net/aws-pivotal-web-lb/e820ff77c735439e/43dd8098cb3068ed",
                            "default_action.#": "1",
                            "default_action.0.authenticate_cognito.#": "0",
                            "default_action.0.authenticate_oidc.#": "0",
                            "default_action.0.fixed_response.#": "0",
                            "default_action.0.order": "1",
                            "default_action.0.redirect.#": "0",
                            "default_action.0.target_group_arn": "arn:aws:elasticloadbalancing:us-west-2:551061066810:targetgroup/aws-pivotal-web-tg-443/122d52c81186ff7f",
                            "default_action.0.type": "forward",
                            "id": "arn:aws:elasticloadbalancing:us-west-2:551061066810:listener/net/aws-pivotal-web-lb/e820ff77c735439e/43dd8098cb3068ed",
                            "load_balancer_arn": "arn:aws:elasticloadbalancing:us-west-2:551061066810:loadbalancer/net/aws-pivotal-web-lb/e820ff77c735439e",
                            "port": "443",
                            "protocol": "TCP",
                            "ssl_policy": ""
                        },
                        "meta": {
                            "e2bfb730-ecaa-11e6-8f88-34363bc7c4c0": {
                                "read": 600000000000
                            }
                        },
                        "tainted": false
                    },
                    "deposed": [],
                    "provider": "provider.aws"
                },
                "aws_lb_listener.web_80": {
                    "type": "aws_lb_listener",
                    "depends_on": [
                        "aws_lb.web",
                        "aws_lb_target_group.web_80"
                    ],
                    "primary": {
                        "id": "arn:aws:elasticloadbalancing:us-west-2:551061066810:listener/net/aws-pivotal-web-lb/e820ff77c735439e/ff2dffc1f1fd9c36",
                        "attributes": {
                            "arn": "arn:aws:elasticloadbalancing:us-west-2:551061066810:listener/net/aws-pivotal-web-lb/e820ff77c735439e/ff2dffc1f1fd9c36",
                            "default_action.#": "1",
                            "default_action.0.authenticate_cognito.#": "0",
                            "default_action.0.authenticate_oidc.#": "0",
                            "default_action.0.fixed_response.#": "0",
                            "default_action.0.order": "1",
                            "default_action.0.redirect.#": "0",
                            "default_action.0.target_group_arn": "arn:aws:elasticloadbalancing:us-west-2:551061066810:targetgroup/aws-pivotal-web-tg-80/d0454cdccd4d4c24",
                            "default_action.0.type": "forward",
                            "id": "arn:aws:elasticloadbalancing:us-west-2:551061066810:listener/net/aws-pivotal-web-lb/e820ff77c735439e/ff2dffc1f1fd9c36",
                            "load_balancer_arn": "arn:aws:elasticloadbalancing:us-west-2:551061066810:loadbalancer/net/aws-pivotal-web-lb/e820ff77c735439e",
                            "port": "80",
                            "protocol": "TCP",
                            "ssl_policy": ""
                        },
                        "meta": {
                            "e2bfb730-ecaa-11e6-8f88-34363bc7c4c0": {
                                "read": 600000000000
                            }
                        },
                        "tainted": false
                    },
                    "deposed": [],
                    "provider": "provider.aws"
                },
                "aws_lb_target_group.ssh": {
                    "type": "aws_lb_target_group",
                    "depends_on": [],
                    "primary": {
                        "id": "arn:aws:elasticloadbalancing:us-west-2:551061066810:targetgroup/aws-pivotal-ssh-tg/4ba365428d6d91dd",
                        "attributes": {
                            "arn": "arn:aws:elasticloadbalancing:us-west-2:551061066810:targetgroup/aws-pivotal-ssh-tg/4ba365428d6d91dd",
                            "arn_suffix": "targetgroup/aws-pivotal-ssh-tg/4ba365428d6d91dd",
                            "deregistration_delay": "300",
                            "health_check.#": "1",
                            "health_check.0.healthy_threshold": "3",
                            "health_check.0.interval": "30",
                            "health_check.0.matcher": "",
                            "health_check.0.path": "",
                            "health_check.0.port": "traffic-port",
                            "health_check.0.protocol": "TCP",
                            "health_check.0.timeout": "10",
                            "health_check.0.unhealthy_threshold": "3",
                            "id": "arn:aws:elasticloadbalancing:us-west-2:551061066810:targetgroup/aws-pivotal-ssh-tg/4ba365428d6d91dd",
                            "lambda_multi_value_headers_enabled": "false",
                            "name": "aws-pivotal-ssh-tg",
                            "port": "2222",
                            "protocol": "TCP",
                            "proxy_protocol_v2": "false",
                            "slow_start": "0",
                            "stickiness.#": "0",
                            "tags.%": "0",
                            "target_type": "instance",
                            "vpc_id": "vpc-0d2c8bec11ea6811d"
                        },
                        "meta": {},
                        "tainted": false
                    },
                    "deposed": [],
                    "provider": "provider.aws"
                },
                "aws_lb_target_group.tcp.0": {
                    "type": "aws_lb_target_group",
                    "depends_on": [
                        "local.tcp_port_count"
                    ],
                    "primary": {
                        "id": "arn:aws:elasticloadbalancing:us-west-2:551061066810:targetgroup/aws-pivotal-tg-1024/77a94827d05ffc96",
                        "attributes": {
                            "arn": "arn:aws:elasticloadbalancing:us-west-2:551061066810:targetgroup/aws-pivotal-tg-1024/77a94827d05ffc96",
                            "arn_suffix": "targetgroup/aws-pivotal-tg-1024/77a94827d05ffc96",
                            "deregistration_delay": "300",
                            "health_check.#": "1",
                            "health_check.0.healthy_threshold": "3",
                            "health_check.0.interval": "30",
                            "health_check.0.matcher": "",
                            "health_check.0.path": "",
                            "health_check.0.port": "traffic-port",
                            "health_check.0.protocol": "TCP",
                            "health_check.0.timeout": "10",
                            "health_check.0.unhealthy_threshold": "3",
                            "id": "arn:aws:elasticloadbalancing:us-west-2:551061066810:targetgroup/aws-pivotal-tg-1024/77a94827d05ffc96",
                            "lambda_multi_value_headers_enabled": "false",
                            "name": "aws-pivotal-tg-1024",
                            "port": "1024",
                            "protocol": "TCP",
                            "proxy_protocol_v2": "false",
                            "slow_start": "0",
                            "stickiness.#": "0",
                            "tags.%": "0",
                            "target_type": "instance",
                            "vpc_id": "vpc-0d2c8bec11ea6811d"
                        },
                        "meta": {},
                        "tainted": false
                    },
                    "deposed": [],
                    "provider": "provider.aws"
                },
                "aws_lb_target_group.tcp.1": {
                    "type": "aws_lb_target_group",
                    "depends_on": [
                        "local.tcp_port_count"
                    ],
                    "primary": {
                        "id": "arn:aws:elasticloadbalancing:us-west-2:551061066810:targetgroup/aws-pivotal-tg-1025/bf7f52b4b9eac96d",
                        "attributes": {
                            "arn": "arn:aws:elasticloadbalancing:us-west-2:551061066810:targetgroup/aws-pivotal-tg-1025/bf7f52b4b9eac96d",
                            "arn_suffix": "targetgroup/aws-pivotal-tg-1025/bf7f52b4b9eac96d",
                            "deregistration_delay": "300",
                            "health_check.#": "1",
                            "health_check.0.healthy_threshold": "3",
                            "health_check.0.interval": "30",
                            "health_check.0.matcher": "",
                            "health_check.0.path": "",
                            "health_check.0.port": "traffic-port",
                            "health_check.0.protocol": "TCP",
                            "health_check.0.timeout": "10",
                            "health_check.0.unhealthy_threshold": "3",
                            "id": "arn:aws:elasticloadbalancing:us-west-2:551061066810:targetgroup/aws-pivotal-tg-1025/bf7f52b4b9eac96d",
                            "lambda_multi_value_headers_enabled": "false",
                            "name": "aws-pivotal-tg-1025",
                            "port": "1025",
                            "protocol": "TCP",
                            "proxy_protocol_v2": "false",
                            "slow_start": "0",
                            "stickiness.#": "0",
                            "tags.%": "0",
                            "target_type": "instance",
                            "vpc_id": "vpc-0d2c8bec11ea6811d"
                        },
                        "meta": {},
                        "tainted": false
                    },
                    "deposed": [],
                    "provider": "provider.aws"
                },
                "aws_lb_target_group.tcp.2": {
                    "type": "aws_lb_target_group",
                    "depends_on": [
                        "local.tcp_port_count"
                    ],
                    "primary": {
                        "id": "arn:aws:elasticloadbalancing:us-west-2:551061066810:targetgroup/aws-pivotal-tg-1026/fc3de8823b49eecb",
                        "attributes": {
                            "arn": "arn:aws:elasticloadbalancing:us-west-2:551061066810:targetgroup/aws-pivotal-tg-1026/fc3de8823b49eecb",
                            "arn_suffix": "targetgroup/aws-pivotal-tg-1026/fc3de8823b49eecb",
                            "deregistration_delay": "300",
                            "health_check.#": "1",
                            "health_check.0.healthy_threshold": "3",
                            "health_check.0.interval": "30",
                            "health_check.0.matcher": "",
                            "health_check.0.path": "",
                            "health_check.0.port": "traffic-port",
                            "health_check.0.protocol": "TCP",
                            "health_check.0.timeout": "10",
                            "health_check.0.unhealthy_threshold": "3",
                            "id": "arn:aws:elasticloadbalancing:us-west-2:551061066810:targetgroup/aws-pivotal-tg-1026/fc3de8823b49eecb",
                            "lambda_multi_value_headers_enabled": "false",
                            "name": "aws-pivotal-tg-1026",
                            "port": "1026",
                            "protocol": "TCP",
                            "proxy_protocol_v2": "false",
                            "slow_start": "0",
                            "stickiness.#": "0",
                            "tags.%": "0",
                            "target_type": "instance",
                            "vpc_id": "vpc-0d2c8bec11ea6811d"
                        },
                        "meta": {},
                        "tainted": false
                    },
                    "deposed": [],
                    "provider": "provider.aws"
                },
                "aws_lb_target_group.tcp.3": {
                    "type": "aws_lb_target_group",
                    "depends_on": [
                        "local.tcp_port_count"
                    ],
                    "primary": {
                        "id": "arn:aws:elasticloadbalancing:us-west-2:551061066810:targetgroup/aws-pivotal-tg-1027/afd9932288a85e92",
                        "attributes": {
                            "arn": "arn:aws:elasticloadbalancing:us-west-2:551061066810:targetgroup/aws-pivotal-tg-1027/afd9932288a85e92",
                            "arn_suffix": "targetgroup/aws-pivotal-tg-1027/afd9932288a85e92",
                            "deregistration_delay": "300",
                            "health_check.#": "1",
                            "health_check.0.healthy_threshold": "3",
                            "health_check.0.interval": "30",
                            "health_check.0.matcher": "",
                            "health_check.0.path": "",
                            "health_check.0.port": "traffic-port",
                            "health_check.0.protocol": "TCP",
                            "health_check.0.timeout": "10",
                            "health_check.0.unhealthy_threshold": "3",
                            "id": "arn:aws:elasticloadbalancing:us-west-2:551061066810:targetgroup/aws-pivotal-tg-1027/afd9932288a85e92",
                            "lambda_multi_value_headers_enabled": "false",
                            "name": "aws-pivotal-tg-1027",
                            "port": "1027",
                            "protocol": "TCP",
                            "proxy_protocol_v2": "false",
                            "slow_start": "0",
                            "stickiness.#": "0",
                            "tags.%": "0",
                            "target_type": "instance",
                            "vpc_id": "vpc-0d2c8bec11ea6811d"
                        },
                        "meta": {},
                        "tainted": false
                    },
                    "deposed": [],
                    "provider": "provider.aws"
                },
                "aws_lb_target_group.tcp.4": {
                    "type": "aws_lb_target_group",
                    "depends_on": [
                        "local.tcp_port_count"
                    ],
                    "primary": {
                        "id": "arn:aws:elasticloadbalancing:us-west-2:551061066810:targetgroup/aws-pivotal-tg-1028/9d10de90558007fa",
                        "attributes": {
                            "arn": "arn:aws:elasticloadbalancing:us-west-2:551061066810:targetgroup/aws-pivotal-tg-1028/9d10de90558007fa",
                            "arn_suffix": "targetgroup/aws-pivotal-tg-1028/9d10de90558007fa",
                            "deregistration_delay": "300",
                            "health_check.#": "1",
                            "health_check.0.healthy_threshold": "3",
                            "health_check.0.interval": "30",
                            "health_check.0.matcher": "",
                            "health_check.0.path": "",
                            "health_check.0.port": "traffic-port",
                            "health_check.0.protocol": "TCP",
                            "health_check.0.timeout": "10",
                            "health_check.0.unhealthy_threshold": "3",
                            "id": "arn:aws:elasticloadbalancing:us-west-2:551061066810:targetgroup/aws-pivotal-tg-1028/9d10de90558007fa",
                            "lambda_multi_value_headers_enabled": "false",
                            "name": "aws-pivotal-tg-1028",
                            "port": "1028",
                            "protocol": "TCP",
                            "proxy_protocol_v2": "false",
                            "slow_start": "0",
                            "stickiness.#": "0",
                            "tags.%": "0",
                            "target_type": "instance",
                            "vpc_id": "vpc-0d2c8bec11ea6811d"
                        },
                        "meta": {},
                        "tainted": false
                    },
                    "deposed": [],
                    "provider": "provider.aws"
                },
                "aws_lb_target_group.tcp.5": {
                    "type": "aws_lb_target_group",
                    "depends_on": [
                        "local.tcp_port_count"
                    ],
                    "primary": {
                        "id": "arn:aws:elasticloadbalancing:us-west-2:551061066810:targetgroup/aws-pivotal-tg-1029/5ec6f78d6331de87",
                        "attributes": {
                            "arn": "arn:aws:elasticloadbalancing:us-west-2:551061066810:targetgroup/aws-pivotal-tg-1029/5ec6f78d6331de87",
                            "arn_suffix": "targetgroup/aws-pivotal-tg-1029/5ec6f78d6331de87",
                            "deregistration_delay": "300",
                            "health_check.#": "1",
                            "health_check.0.healthy_threshold": "3",
                            "health_check.0.interval": "30",
                            "health_check.0.matcher": "",
                            "health_check.0.path": "",
                            "health_check.0.port": "traffic-port",
                            "health_check.0.protocol": "TCP",
                            "health_check.0.timeout": "10",
                            "health_check.0.unhealthy_threshold": "3",
                            "id": "arn:aws:elasticloadbalancing:us-west-2:551061066810:targetgroup/aws-pivotal-tg-1029/5ec6f78d6331de87",
                            "lambda_multi_value_headers_enabled": "false",
                            "name": "aws-pivotal-tg-1029",
                            "port": "1029",
                            "protocol": "TCP",
                            "proxy_protocol_v2": "false",
                            "slow_start": "0",
                            "stickiness.#": "0",
                            "tags.%": "0",
                            "target_type": "instance",
                            "vpc_id": "vpc-0d2c8bec11ea6811d"
                        },
                        "meta": {},
                        "tainted": false
                    },
                    "deposed": [],
                    "provider": "provider.aws"
                },
                "aws_lb_target_group.tcp.6": {
                    "type": "aws_lb_target_group",
                    "depends_on": [
                        "local.tcp_port_count"
                    ],
                    "primary": {
                        "id": "arn:aws:elasticloadbalancing:us-west-2:551061066810:targetgroup/aws-pivotal-tg-1030/b4da4628e3ed677d",
                        "attributes": {
                            "arn": "arn:aws:elasticloadbalancing:us-west-2:551061066810:targetgroup/aws-pivotal-tg-1030/b4da4628e3ed677d",
                            "arn_suffix": "targetgroup/aws-pivotal-tg-1030/b4da4628e3ed677d",
                            "deregistration_delay": "300",
                            "health_check.#": "1",
                            "health_check.0.healthy_threshold": "3",
                            "health_check.0.interval": "30",
                            "health_check.0.matcher": "",
                            "health_check.0.path": "",
                            "health_check.0.port": "traffic-port",
                            "health_check.0.protocol": "TCP",
                            "health_check.0.timeout": "10",
                            "health_check.0.unhealthy_threshold": "3",
                            "id": "arn:aws:elasticloadbalancing:us-west-2:551061066810:targetgroup/aws-pivotal-tg-1030/b4da4628e3ed677d",
                            "lambda_multi_value_headers_enabled": "false",
                            "name": "aws-pivotal-tg-1030",
                            "port": "1030",
                            "protocol": "TCP",
                            "proxy_protocol_v2": "false",
                            "slow_start": "0",
                            "stickiness.#": "0",
                            "tags.%": "0",
                            "target_type": "instance",
                            "vpc_id": "vpc-0d2c8bec11ea6811d"
                        },
                        "meta": {},
                        "tainted": false
                    },
                    "deposed": [],
                    "provider": "provider.aws"
                },
                "aws_lb_target_group.tcp.7": {
                    "type": "aws_lb_target_group",
                    "depends_on": [
                        "local.tcp_port_count"
                    ],
                    "primary": {
                        "id": "arn:aws:elasticloadbalancing:us-west-2:551061066810:targetgroup/aws-pivotal-tg-1031/7dd71d1e7666f7b9",
                        "attributes": {
                            "arn": "arn:aws:elasticloadbalancing:us-west-2:551061066810:targetgroup/aws-pivotal-tg-1031/7dd71d1e7666f7b9",
                            "arn_suffix": "targetgroup/aws-pivotal-tg-1031/7dd71d1e7666f7b9",
                            "deregistration_delay": "300",
                            "health_check.#": "1",
                            "health_check.0.healthy_threshold": "3",
                            "health_check.0.interval": "30",
                            "health_check.0.matcher": "",
                            "health_check.0.path": "",
                            "health_check.0.port": "traffic-port",
                            "health_check.0.protocol": "TCP",
                            "health_check.0.timeout": "10",
                            "health_check.0.unhealthy_threshold": "3",
                            "id": "arn:aws:elasticloadbalancing:us-west-2:551061066810:targetgroup/aws-pivotal-tg-1031/7dd71d1e7666f7b9",
                            "lambda_multi_value_headers_enabled": "false",
                            "name": "aws-pivotal-tg-1031",
                            "port": "1031",
                            "protocol": "TCP",
                            "proxy_protocol_v2": "false",
                            "slow_start": "0",
                            "stickiness.#": "0",
                            "tags.%": "0",
                            "target_type": "instance",
                            "vpc_id": "vpc-0d2c8bec11ea6811d"
                        },
                        "meta": {},
                        "tainted": false
                    },
                    "deposed": [],
                    "provider": "provider.aws"
                },
                "aws_lb_target_group.tcp.8": {
                    "type": "aws_lb_target_group",
                    "depends_on": [
                        "local.tcp_port_count"
                    ],
                    "primary": {
                        "id": "arn:aws:elasticloadbalancing:us-west-2:551061066810:targetgroup/aws-pivotal-tg-1032/7f44c312f4c46350",
                        "attributes": {
                            "arn": "arn:aws:elasticloadbalancing:us-west-2:551061066810:targetgroup/aws-pivotal-tg-1032/7f44c312f4c46350",
                            "arn_suffix": "targetgroup/aws-pivotal-tg-1032/7f44c312f4c46350",
                            "deregistration_delay": "300",
                            "health_check.#": "1",
                            "health_check.0.healthy_threshold": "3",
                            "health_check.0.interval": "30",
                            "health_check.0.matcher": "",
                            "health_check.0.path": "",
                            "health_check.0.port": "traffic-port",
                            "health_check.0.protocol": "TCP",
                            "health_check.0.timeout": "10",
                            "health_check.0.unhealthy_threshold": "3",
                            "id": "arn:aws:elasticloadbalancing:us-west-2:551061066810:targetgroup/aws-pivotal-tg-1032/7f44c312f4c46350",
                            "lambda_multi_value_headers_enabled": "false",
                            "name": "aws-pivotal-tg-1032",
                            "port": "1032",
                            "protocol": "TCP",
                            "proxy_protocol_v2": "false",
                            "slow_start": "0",
                            "stickiness.#": "0",
                            "tags.%": "0",
                            "target_type": "instance",
                            "vpc_id": "vpc-0d2c8bec11ea6811d"
                        },
                        "meta": {},
                        "tainted": false
                    },
                    "deposed": [],
                    "provider": "provider.aws"
                },
                "aws_lb_target_group.tcp.9": {
                    "type": "aws_lb_target_group",
                    "depends_on": [
                        "local.tcp_port_count"
                    ],
                    "primary": {
                        "id": "arn:aws:elasticloadbalancing:us-west-2:551061066810:targetgroup/aws-pivotal-tg-1033/503dd9c2a953afd3",
                        "attributes": {
                            "arn": "arn:aws:elasticloadbalancing:us-west-2:551061066810:targetgroup/aws-pivotal-tg-1033/503dd9c2a953afd3",
                            "arn_suffix": "targetgroup/aws-pivotal-tg-1033/503dd9c2a953afd3",
                            "deregistration_delay": "300",
                            "health_check.#": "1",
                            "health_check.0.healthy_threshold": "3",
                            "health_check.0.interval": "30",
                            "health_check.0.matcher": "",
                            "health_check.0.path": "",
                            "health_check.0.port": "traffic-port",
                            "health_check.0.protocol": "TCP",
                            "health_check.0.timeout": "10",
                            "health_check.0.unhealthy_threshold": "3",
                            "id": "arn:aws:elasticloadbalancing:us-west-2:551061066810:targetgroup/aws-pivotal-tg-1033/503dd9c2a953afd3",
                            "lambda_multi_value_headers_enabled": "false",
                            "name": "aws-pivotal-tg-1033",
                            "port": "1033",
                            "protocol": "TCP",
                            "proxy_protocol_v2": "false",
                            "slow_start": "0",
                            "stickiness.#": "0",
                            "tags.%": "0",
                            "target_type": "instance",
                            "vpc_id": "vpc-0d2c8bec11ea6811d"
                        },
                        "meta": {},
                        "tainted": false
                    },
                    "deposed": [],
                    "provider": "provider.aws"
                },
                "aws_lb_target_group.web_443": {
                    "type": "aws_lb_target_group",
                    "depends_on": [],
                    "primary": {
                        "id": "arn:aws:elasticloadbalancing:us-west-2:551061066810:targetgroup/aws-pivotal-web-tg-443/122d52c81186ff7f",
                        "attributes": {
                            "arn": "arn:aws:elasticloadbalancing:us-west-2:551061066810:targetgroup/aws-pivotal-web-tg-443/122d52c81186ff7f",
                            "arn_suffix": "targetgroup/aws-pivotal-web-tg-443/122d52c81186ff7f",
                            "deregistration_delay": "300",
                            "health_check.#": "1",
                            "health_check.0.healthy_threshold": "3",
                            "health_check.0.interval": "30",
                            "health_check.0.matcher": "",
                            "health_check.0.path": "",
                            "health_check.0.port": "traffic-port",
                            "health_check.0.protocol": "TCP",
                            "health_check.0.timeout": "10",
                            "health_check.0.unhealthy_threshold": "3",
                            "id": "arn:aws:elasticloadbalancing:us-west-2:551061066810:targetgroup/aws-pivotal-web-tg-443/122d52c81186ff7f",
                            "lambda_multi_value_headers_enabled": "false",
                            "name": "aws-pivotal-web-tg-443",
                            "port": "443",
                            "protocol": "TCP",
                            "proxy_protocol_v2": "false",
                            "slow_start": "0",
                            "stickiness.#": "0",
                            "tags.%": "0",
                            "target_type": "instance",
                            "vpc_id": "vpc-0d2c8bec11ea6811d"
                        },
                        "meta": {},
                        "tainted": false
                    },
                    "deposed": [],
                    "provider": "provider.aws"
                },
                "aws_lb_target_group.web_80": {
                    "type": "aws_lb_target_group",
                    "depends_on": [],
                    "primary": {
                        "id": "arn:aws:elasticloadbalancing:us-west-2:551061066810:targetgroup/aws-pivotal-web-tg-80/d0454cdccd4d4c24",
                        "attributes": {
                            "arn": "arn:aws:elasticloadbalancing:us-west-2:551061066810:targetgroup/aws-pivotal-web-tg-80/d0454cdccd4d4c24",
                            "arn_suffix": "targetgroup/aws-pivotal-web-tg-80/d0454cdccd4d4c24",
                            "deregistration_delay": "300",
                            "health_check.#": "1",
                            "health_check.0.healthy_threshold": "3",
                            "health_check.0.interval": "30",
                            "health_check.0.matcher": "",
                            "health_check.0.path": "",
                            "health_check.0.port": "traffic-port",
                            "health_check.0.protocol": "TCP",
                            "health_check.0.timeout": "10",
                            "health_check.0.unhealthy_threshold": "3",
                            "id": "arn:aws:elasticloadbalancing:us-west-2:551061066810:targetgroup/aws-pivotal-web-tg-80/d0454cdccd4d4c24",
                            "lambda_multi_value_headers_enabled": "false",
                            "name": "aws-pivotal-web-tg-80",
                            "port": "80",
                            "protocol": "TCP",
                            "proxy_protocol_v2": "false",
                            "slow_start": "0",
                            "stickiness.#": "0",
                            "tags.%": "0",
                            "target_type": "instance",
                            "vpc_id": "vpc-0d2c8bec11ea6811d"
                        },
                        "meta": {},
                        "tainted": false
                    },
                    "deposed": [],
                    "provider": "provider.aws"
                },
                "aws_route53_record.ssh": {
                    "type": "aws_route53_record",
                    "depends_on": [
                        "aws_lb.ssh",
                        "local.use_route53"
                    ],
                    "primary": {
                        "id": "ZMO34VG5NSSCS_ssh.sys.aws-pivotal.dcp-greendot.com_CNAME",
                        "attributes": {
                            "fqdn": "ssh.sys.aws-pivotal.dcp-greendot.com",
                            "id": "ZMO34VG5NSSCS_ssh.sys.aws-pivotal.dcp-greendot.com_CNAME",
                            "name": "ssh.sys.aws-pivotal.dcp-greendot.com",
                            "records.#": "1",
                            "records.387394423": "aws-pivotal-ssh-lb-b88ad45df2fd27fd.elb.us-west-2.amazonaws.com",
                            "ttl": "300",
                            "type": "CNAME",
                            "zone_id": "ZMO34VG5NSSCS"
                        },
                        "meta": {
                            "schema_version": "2"
                        },
                        "tainted": false
                    },
                    "deposed": [],
                    "provider": "provider.aws"
                },
                "aws_route53_record.tcp": {
                    "type": "aws_route53_record",
                    "depends_on": [
                        "aws_lb.tcp",
                        "local.use_route53"
                    ],
                    "primary": {
                        "id": "ZMO34VG5NSSCS_tcp.aws-pivotal.dcp-greendot.com_CNAME",
                        "attributes": {
                            "fqdn": "tcp.aws-pivotal.dcp-greendot.com",
                            "id": "ZMO34VG5NSSCS_tcp.aws-pivotal.dcp-greendot.com_CNAME",
                            "name": "tcp.aws-pivotal.dcp-greendot.com",
                            "records.#": "1",
                            "records.1650730405": "aws-pivotal-tcp-lb-24d2b9bdc620afd3.elb.us-west-2.amazonaws.com",
                            "ttl": "300",
                            "type": "CNAME",
                            "zone_id": "ZMO34VG5NSSCS"
                        },
                        "meta": {
                            "schema_version": "2"
                        },
                        "tainted": false
                    },
                    "deposed": [],
                    "provider": "provider.aws"
                },
                "aws_route53_record.wildcard_apps_dns": {
                    "type": "aws_route53_record",
                    "depends_on": [
                        "aws_lb.web",
                        "local.use_route53"
                    ],
                    "primary": {
                        "id": "ZMO34VG5NSSCS_*.apps.aws-pivotal.dcp-greendot.com_CNAME",
                        "attributes": {
                            "fqdn": "*.apps.aws-pivotal.dcp-greendot.com",
                            "id": "ZMO34VG5NSSCS_*.apps.aws-pivotal.dcp-greendot.com_CNAME",
                            "name": "*.apps.aws-pivotal.dcp-greendot.com",
                            "records.#": "1",
                            "records.1123091732": "aws-pivotal-web-lb-e820ff77c735439e.elb.us-west-2.amazonaws.com",
                            "ttl": "300",
                            "type": "CNAME",
                            "zone_id": "ZMO34VG5NSSCS"
                        },
                        "meta": {
                            "schema_version": "2"
                        },
                        "tainted": false
                    },
                    "deposed": [],
                    "provider": "provider.aws"
                },
                "aws_route53_record.wildcard_sys_dns": {
                    "type": "aws_route53_record",
                    "depends_on": [
                        "aws_lb.web",
                        "local.use_route53"
                    ],
                    "primary": {
                        "id": "ZMO34VG5NSSCS_*.sys.aws-pivotal.dcp-greendot.com_CNAME",
                        "attributes": {
                            "fqdn": "*.sys.aws-pivotal.dcp-greendot.com",
                            "id": "ZMO34VG5NSSCS_*.sys.aws-pivotal.dcp-greendot.com_CNAME",
                            "name": "*.sys.aws-pivotal.dcp-greendot.com",
                            "records.#": "1",
                            "records.1123091732": "aws-pivotal-web-lb-e820ff77c735439e.elb.us-west-2.amazonaws.com",
                            "ttl": "300",
                            "type": "CNAME",
                            "zone_id": "ZMO34VG5NSSCS"
                        },
                        "meta": {
                            "schema_version": "2"
                        },
                        "tainted": false
                    },
                    "deposed": [],
                    "provider": "provider.aws"
                },
                "aws_route_table_association.route_pas_subnets.0": {
                    "type": "aws_route_table_association",
                    "depends_on": [
                        "aws_subnet.pas_subnets.*"
                    ],
                    "primary": {
                        "id": "rtbassoc-0f1a57822bb39ab1a",
                        "attributes": {
                            "id": "rtbassoc-0f1a57822bb39ab1a",
                            "route_table_id": "rtb-0752ed7692b126011",
                            "subnet_id": "subnet-0f9cb5b2bf9db4e49"
                        },
                        "meta": {},
                        "tainted": false
                    },
                    "deposed": [],
                    "provider": "provider.aws"
                },
                "aws_route_table_association.route_pas_subnets.1": {
                    "type": "aws_route_table_association",
                    "depends_on": [
                        "aws_subnet.pas_subnets.*"
                    ],
                    "primary": {
                        "id": "rtbassoc-021a21a32f739d35d",
                        "attributes": {
                            "id": "rtbassoc-021a21a32f739d35d",
                            "route_table_id": "rtb-0dc3426fbd0bc44f4",
                            "subnet_id": "subnet-009db8aec7c358693"
                        },
                        "meta": {},
                        "tainted": false
                    },
                    "deposed": [],
                    "provider": "provider.aws"
                },
                "aws_route_table_association.route_services_subnets.0": {
                    "type": "aws_route_table_association",
                    "depends_on": [
                        "aws_subnet.services_subnets.*"
                    ],
                    "primary": {
                        "id": "rtbassoc-0dd1447fc41e55697",
                        "attributes": {
                            "id": "rtbassoc-0dd1447fc41e55697",
                            "route_table_id": "rtb-0752ed7692b126011",
                            "subnet_id": "subnet-0744d7035bf7fcc4c"
                        },
                        "meta": {},
                        "tainted": false
                    },
                    "deposed": [],
                    "provider": "provider.aws"
                },
                "aws_route_table_association.route_services_subnets.1": {
                    "type": "aws_route_table_association",
                    "depends_on": [
                        "aws_subnet.services_subnets.*"
                    ],
                    "primary": {
                        "id": "rtbassoc-04e32d809516e5b32",
                        "attributes": {
                            "id": "rtbassoc-04e32d809516e5b32",
                            "route_table_id": "rtb-0dc3426fbd0bc44f4",
                            "subnet_id": "subnet-0f4839fa1fd5b320f"
                        },
                        "meta": {},
                        "tainted": false
                    },
                    "deposed": [],
                    "provider": "provider.aws"
                },
                "aws_s3_bucket.buildpacks_bucket": {
                    "type": "aws_s3_bucket",
                    "depends_on": [],
                    "primary": {
                        "id": "aws-pivotal-buildpacks-bucket-51146",
                        "attributes": {
                            "acl": "private",
                            "bucket": "aws-pivotal-buildpacks-bucket-51146",
                            "force_destroy": "true",
                            "id": "aws-pivotal-buildpacks-bucket-51146",
                            "tags.%": "4",
                            "tags.Application": "Cloud Foundry",
                            "tags.Environment": "aws-pivotal",
                            "tags.Name": "Elastic Runtime S3 Buildpacks Bucket",
                            "tags.owner": "dcp-pas-hari",
                            "versioning.#": "1",
                            "versioning.0.enabled": "false",
                            "versioning.0.mfa_delete": "false"
                        },
                        "meta": {},
                        "tainted": false
                    },
                    "deposed": [],
                    "provider": "provider.aws"
                },
                "aws_s3_bucket.droplets_bucket": {
                    "type": "aws_s3_bucket",
                    "depends_on": [],
                    "primary": {
                        "id": "aws-pivotal-droplets-bucket-51146",
                        "attributes": {
                            "acl": "private",
                            "bucket": "aws-pivotal-droplets-bucket-51146",
                            "force_destroy": "true",
                            "id": "aws-pivotal-droplets-bucket-51146",
                            "tags.%": "4",
                            "tags.Application": "Cloud Foundry",
                            "tags.Environment": "aws-pivotal",
                            "tags.Name": "Elastic Runtime S3 Droplets Bucket",
                            "tags.owner": "dcp-pas-hari",
                            "versioning.#": "1",
                            "versioning.0.enabled": "false",
                            "versioning.0.mfa_delete": "false"
                        },
                        "meta": {},
                        "tainted": false
                    },
                    "deposed": [],
                    "provider": "provider.aws"
                },
                "aws_s3_bucket.packages_bucket": {
                    "type": "aws_s3_bucket",
                    "depends_on": [],
                    "primary": {
                        "id": "aws-pivotal-packages-bucket-51146",
                        "attributes": {
                            "acl": "private",
                            "bucket": "aws-pivotal-packages-bucket-51146",
                            "force_destroy": "true",
                            "id": "aws-pivotal-packages-bucket-51146",
                            "tags.%": "4",
                            "tags.Application": "Cloud Foundry",
                            "tags.Environment": "aws-pivotal",
                            "tags.Name": "Elastic Runtime S3 Packages Bucket",
                            "tags.owner": "dcp-pas-hari",
                            "versioning.#": "1",
                            "versioning.0.enabled": "false",
                            "versioning.0.mfa_delete": "false"
                        },
                        "meta": {},
                        "tainted": false
                    },
                    "deposed": [],
                    "provider": "provider.aws"
                },
                "aws_s3_bucket.resources_bucket": {
                    "type": "aws_s3_bucket",
                    "depends_on": [],
                    "primary": {
                        "id": "aws-pivotal-resources-bucket-51146",
                        "attributes": {
                            "acl": "private",
                            "bucket": "aws-pivotal-resources-bucket-51146",
                            "force_destroy": "true",
                            "id": "aws-pivotal-resources-bucket-51146",
                            "tags.%": "4",
                            "tags.Application": "Cloud Foundry",
                            "tags.Environment": "aws-pivotal",
                            "tags.Name": "Elastic Runtime S3 Resources Bucket",
                            "tags.owner": "dcp-pas-hari",
                            "versioning.#": "1",
                            "versioning.0.enabled": "false",
                            "versioning.0.mfa_delete": "false"
                        },
                        "meta": {},
                        "tainted": false
                    },
                    "deposed": [],
                    "provider": "provider.aws"
                },
                "aws_security_group.ssh_lb": {
                    "type": "aws_security_group",
                    "depends_on": [],
                    "primary": {
                        "id": "sg-0da134c102bdb89a8",
                        "attributes": {
                            "arn": "arn:aws:ec2:us-west-2:551061066810:security-group/sg-0da134c102bdb89a8",
                            "description": "Load Balancer SSH Security Group",
                            "egress.#": "1",
                            "egress.482069346.cidr_blocks.#": "1",
                            "egress.482069346.cidr_blocks.0": "0.0.0.0/0",
                            "egress.482069346.description": "",
                            "egress.482069346.from_port": "0",
                            "egress.482069346.ipv6_cidr_blocks.#": "0",
                            "egress.482069346.prefix_list_ids.#": "0",
                            "egress.482069346.protocol": "-1",
                            "egress.482069346.security_groups.#": "0",
                            "egress.482069346.self": "false",
                            "egress.482069346.to_port": "0",
                            "id": "sg-0da134c102bdb89a8",
                            "ingress.#": "1",
                            "ingress.3985202168.cidr_blocks.#": "1",
                            "ingress.3985202168.cidr_blocks.0": "0.0.0.0/0",
                            "ingress.3985202168.description": "",
                            "ingress.3985202168.from_port": "2222",
                            "ingress.3985202168.ipv6_cidr_blocks.#": "0",
                            "ingress.3985202168.prefix_list_ids.#": "0",
                            "ingress.3985202168.protocol": "tcp",
                            "ingress.3985202168.security_groups.#": "0",
                            "ingress.3985202168.self": "false",
                            "ingress.3985202168.to_port": "2222",
                            "name": "ssh_lb_security_group",
                            "owner_id": "551061066810",
                            "revoke_rules_on_delete": "false",
                            "tags.%": "4",
                            "tags.Application": "Cloud Foundry",
                            "tags.Environment": "aws-pivotal",
                            "tags.Name": "aws-pivotal-ssh-lb-security-group",
                            "tags.owner": "dcp-pas-hari",
                            "vpc_id": "vpc-0d2c8bec11ea6811d"
                        },
                        "meta": {
                            "e2bfb730-ecaa-11e6-8f88-34363bc7c4c0": {
                                "create": 600000000000,
                                "delete": 600000000000
                            },
                            "schema_version": "1"
                        },
                        "tainted": false
                    },
                    "deposed": [],
                    "provider": "provider.aws"
                },
                "aws_security_group.tcp_lb": {
                    "type": "aws_security_group",
                    "depends_on": [
                        "local.tcp_port_count"
                    ],
                    "primary": {
                        "id": "sg-08acf77a08c21debc",
                        "attributes": {
                            "arn": "arn:aws:ec2:us-west-2:551061066810:security-group/sg-08acf77a08c21debc",
                            "description": "Load Balancer TCP Security Group",
                            "egress.#": "1",
                            "egress.482069346.cidr_blocks.#": "1",
                            "egress.482069346.cidr_blocks.0": "0.0.0.0/0",
                            "egress.482069346.description": "",
                            "egress.482069346.from_port": "0",
                            "egress.482069346.ipv6_cidr_blocks.#": "0",
                            "egress.482069346.prefix_list_ids.#": "0",
                            "egress.482069346.protocol": "-1",
                            "egress.482069346.security_groups.#": "0",
                            "egress.482069346.self": "false",
                            "egress.482069346.to_port": "0",
                            "id": "sg-08acf77a08c21debc",
                            "ingress.#": "1",
                            "ingress.3593100135.cidr_blocks.#": "1",
                            "ingress.3593100135.cidr_blocks.0": "0.0.0.0/0",
                            "ingress.3593100135.description": "",
                            "ingress.3593100135.from_port": "1024",
                            "ingress.3593100135.ipv6_cidr_blocks.#": "0",
                            "ingress.3593100135.prefix_list_ids.#": "0",
                            "ingress.3593100135.protocol": "tcp",
                            "ingress.3593100135.security_groups.#": "0",
                            "ingress.3593100135.self": "false",
                            "ingress.3593100135.to_port": "1034",
                            "name": "tcp_lb_security_group",
                            "owner_id": "551061066810",
                            "revoke_rules_on_delete": "false",
                            "tags.%": "4",
                            "tags.Application": "Cloud Foundry",
                            "tags.Environment": "aws-pivotal",
                            "tags.Name": "aws-pivotal-tcp-lb-security-group",
                            "tags.owner": "dcp-pas-hari",
                            "vpc_id": "vpc-0d2c8bec11ea6811d"
                        },
                        "meta": {
                            "e2bfb730-ecaa-11e6-8f88-34363bc7c4c0": {
                                "create": 600000000000,
                                "delete": 600000000000
                            },
                            "schema_version": "1"
                        },
                        "tainted": false
                    },
                    "deposed": [],
                    "provider": "provider.aws"
                },
                "aws_security_group.web_lb": {
                    "type": "aws_security_group",
                    "depends_on": [],
                    "primary": {
                        "id": "sg-007a5d81fd1366df2",
                        "attributes": {
                            "arn": "arn:aws:ec2:us-west-2:551061066810:security-group/sg-007a5d81fd1366df2",
                            "description": "Load Balancer Security Group",
                            "egress.#": "1",
                            "egress.482069346.cidr_blocks.#": "1",
                            "egress.482069346.cidr_blocks.0": "0.0.0.0/0",
                            "egress.482069346.description": "",
                            "egress.482069346.from_port": "0",
                            "egress.482069346.ipv6_cidr_blocks.#": "0",
                            "egress.482069346.prefix_list_ids.#": "0",
                            "egress.482069346.protocol": "-1",
                            "egress.482069346.security_groups.#": "0",
                            "egress.482069346.self": "false",
                            "egress.482069346.to_port": "0",
                            "id": "sg-007a5d81fd1366df2",
                            "ingress.#": "2",
                            "ingress.2214680975.cidr_blocks.#": "1",
                            "ingress.2214680975.cidr_blocks.0": "0.0.0.0/0",
                            "ingress.2214680975.description": "",
                            "ingress.2214680975.from_port": "80",
                            "ingress.2214680975.ipv6_cidr_blocks.#": "0",
                            "ingress.2214680975.prefix_list_ids.#": "0",
                            "ingress.2214680975.protocol": "tcp",
                            "ingress.2214680975.security_groups.#": "0",
                            "ingress.2214680975.self": "false",
                            "ingress.2214680975.to_port": "80",
                            "ingress.2617001939.cidr_blocks.#": "1",
                            "ingress.2617001939.cidr_blocks.0": "0.0.0.0/0",
                            "ingress.2617001939.description": "",
                            "ingress.2617001939.from_port": "443",
                            "ingress.2617001939.ipv6_cidr_blocks.#": "0",
                            "ingress.2617001939.prefix_list_ids.#": "0",
                            "ingress.2617001939.protocol": "tcp",
                            "ingress.2617001939.security_groups.#": "0",
                            "ingress.2617001939.self": "false",
                            "ingress.2617001939.to_port": "443",
                            "name": "web_lb_security_group",
                            "owner_id": "551061066810",
                            "revoke_rules_on_delete": "false",
                            "tags.%": "4",
                            "tags.Application": "Cloud Foundry",
                            "tags.Environment": "aws-pivotal",
                            "tags.Name": "aws-pivotal-lb-security-group",
                            "tags.owner": "dcp-pas-hari",
                            "vpc_id": "vpc-0d2c8bec11ea6811d"
                        },
                        "meta": {
                            "e2bfb730-ecaa-11e6-8f88-34363bc7c4c0": {
                                "create": 600000000000,
                                "delete": 600000000000
                            },
                            "schema_version": "1"
                        },
                        "tainted": false
                    },
                    "deposed": [],
                    "provider": "provider.aws"
                },
                "aws_subnet.pas_subnets.0": {
                    "type": "aws_subnet",
                    "depends_on": [
                        "local.pas_cidr"
                    ],
                    "primary": {
                        "id": "subnet-0f9cb5b2bf9db4e49",
                        "attributes": {
                            "arn": "arn:aws:ec2:us-west-2:551061066810:subnet/subnet-0f9cb5b2bf9db4e49",
                            "assign_ipv6_address_on_creation": "false",
                            "availability_zone": "us-west-2a",
                            "availability_zone_id": "usw2-az1",
                            "cidr_block": "10.2.4.0/24",
                            "id": "subnet-0f9cb5b2bf9db4e49",
                            "ipv6_cidr_block": "",
                            "ipv6_cidr_block_association_id": "",
                            "map_public_ip_on_launch": "false",
                            "owner_id": "551061066810",
                            "tags.%": "1",
                            "tags.Name": "aws-pivotal-ert-subnet0",
                            "vpc_id": "vpc-0d2c8bec11ea6811d"
                        },
                        "meta": {
                            "e2bfb730-ecaa-11e6-8f88-34363bc7c4c0": {
                                "create": 600000000000,
                                "delete": 600000000000
                            },
                            "schema_version": "1"
                        },
                        "tainted": false
                    },
                    "deposed": [],
                    "provider": "provider.aws"
                },
                "aws_subnet.pas_subnets.1": {
                    "type": "aws_subnet",
                    "depends_on": [
                        "local.pas_cidr"
                    ],
                    "primary": {
                        "id": "subnet-009db8aec7c358693",
                        "attributes": {
                            "arn": "arn:aws:ec2:us-west-2:551061066810:subnet/subnet-009db8aec7c358693",
                            "assign_ipv6_address_on_creation": "false",
                            "availability_zone": "us-west-2b",
                            "availability_zone_id": "usw2-az2",
                            "cidr_block": "10.2.5.0/24",
                            "id": "subnet-009db8aec7c358693",
                            "ipv6_cidr_block": "",
                            "ipv6_cidr_block_association_id": "",
                            "map_public_ip_on_launch": "false",
                            "owner_id": "551061066810",
                            "tags.%": "1",
                            "tags.Name": "aws-pivotal-ert-subnet1",
                            "vpc_id": "vpc-0d2c8bec11ea6811d"
                        },
                        "meta": {
                            "e2bfb730-ecaa-11e6-8f88-34363bc7c4c0": {
                                "create": 600000000000,
                                "delete": 600000000000
                            },
                            "schema_version": "1"
                        },
                        "tainted": false
                    },
                    "deposed": [],
                    "provider": "provider.aws"
                },
                "aws_subnet.services_subnets.0": {
                    "type": "aws_subnet",
                    "depends_on": [
                        "local.services_cidr"
                    ],
                    "primary": {
                        "id": "subnet-0744d7035bf7fcc4c",
                        "attributes": {
                            "arn": "arn:aws:ec2:us-west-2:551061066810:subnet/subnet-0744d7035bf7fcc4c",
                            "assign_ipv6_address_on_creation": "false",
                            "availability_zone": "us-west-2a",
                            "availability_zone_id": "usw2-az1",
                            "cidr_block": "10.2.8.0/24",
                            "id": "subnet-0744d7035bf7fcc4c",
                            "ipv6_cidr_block": "",
                            "ipv6_cidr_block_association_id": "",
                            "map_public_ip_on_launch": "false",
                            "owner_id": "551061066810",
                            "tags.%": "4",
                            "tags.Application": "Cloud Foundry",
                            "tags.Environment": "aws-pivotal",
                            "tags.Name": "aws-pivotal-services-subnet0",
                            "tags.owner": "dcp-pas-hari",
                            "vpc_id": "vpc-0d2c8bec11ea6811d"
                        },
                        "meta": {
                            "e2bfb730-ecaa-11e6-8f88-34363bc7c4c0": {
                                "create": 600000000000,
                                "delete": 600000000000
                            },
                            "schema_version": "1"
                        },
                        "tainted": false
                    },
                    "deposed": [],
                    "provider": "provider.aws"
                },
                "aws_subnet.services_subnets.1": {
                    "type": "aws_subnet",
                    "depends_on": [
                        "local.services_cidr"
                    ],
                    "primary": {
                        "id": "subnet-0f4839fa1fd5b320f",
                        "attributes": {
                            "arn": "arn:aws:ec2:us-west-2:551061066810:subnet/subnet-0f4839fa1fd5b320f",
                            "assign_ipv6_address_on_creation": "false",
                            "availability_zone": "us-west-2b",
                            "availability_zone_id": "usw2-az2",
                            "cidr_block": "10.2.9.0/24",
                            "id": "subnet-0f4839fa1fd5b320f",
                            "ipv6_cidr_block": "",
                            "ipv6_cidr_block_association_id": "",
                            "map_public_ip_on_launch": "false",
                            "owner_id": "551061066810",
                            "tags.%": "4",
                            "tags.Application": "Cloud Foundry",
                            "tags.Environment": "aws-pivotal",
                            "tags.Name": "aws-pivotal-services-subnet1",
                            "tags.owner": "dcp-pas-hari",
                            "vpc_id": "vpc-0d2c8bec11ea6811d"
                        },
                        "meta": {
                            "e2bfb730-ecaa-11e6-8f88-34363bc7c4c0": {
                                "create": 600000000000,
                                "delete": 600000000000
                            },
                            "schema_version": "1"
                        },
                        "tainted": false
                    },
                    "deposed": [],
                    "provider": "provider.aws"
                },
                "data.template_file.pas_subnet_gateways.0": {
                    "type": "template_file",
                    "depends_on": [
                        "aws_subnet.pas_subnets.*"
                    ],
                    "primary": {
                        "id": "6e3dc7e259a768d9a5276ebdd733f9a7b260f2721bb4b070b5538ccc53faa4e8",
                        "attributes": {
                            "id": "6e3dc7e259a768d9a5276ebdd733f9a7b260f2721bb4b070b5538ccc53faa4e8",
                            "rendered": "10.2.4.1",
                            "template": "${gateway}",
                            "vars.%": "1",
                            "vars.gateway": "10.2.4.1"
                        },
                        "meta": {},
                        "tainted": false
                    },
                    "deposed": [],
                    "provider": "provider.template"
                },
                "data.template_file.pas_subnet_gateways.1": {
                    "type": "template_file",
                    "depends_on": [
                        "aws_subnet.pas_subnets.*"
                    ],
                    "primary": {
                        "id": "f56122c81ca829028b1a03871951621f7c30b7ccd3c29a973d2ff1dedb677a9f",
                        "attributes": {
                            "id": "f56122c81ca829028b1a03871951621f7c30b7ccd3c29a973d2ff1dedb677a9f",
                            "rendered": "10.2.5.1",
                            "template": "${gateway}",
                            "vars.%": "1",
                            "vars.gateway": "10.2.5.1"
                        },
                        "meta": {},
                        "tainted": false
                    },
                    "deposed": [],
                    "provider": "provider.template"
                },
                "data.template_file.services_subnet_gateways.0": {
                    "type": "template_file",
                    "depends_on": [
                        "aws_subnet.services_subnets.*"
                    ],
                    "primary": {
                        "id": "4575c3c1ddd508711c970ac614c40a337f907de99f2fef83e41b650265adf49c",
                        "attributes": {
                            "id": "4575c3c1ddd508711c970ac614c40a337f907de99f2fef83e41b650265adf49c",
                            "rendered": "10.2.8.1",
                            "template": "${gateway}",
                            "vars.%": "1",
                            "vars.gateway": "10.2.8.1"
                        },
                        "meta": {},
                        "tainted": false
                    },
                    "deposed": [],
                    "provider": "provider.template"
                },
                "data.template_file.services_subnet_gateways.1": {
                    "type": "template_file",
                    "depends_on": [
                        "aws_subnet.services_subnets.*"
                    ],
                    "primary": {
                        "id": "4b1b060f13dfa090c0d5ab737ac4817ec0133042c36bb82af8ce7c60bc8ebc97",
                        "attributes": {
                            "id": "4b1b060f13dfa090c0d5ab737ac4817ec0133042c36bb82af8ce7c60bc8ebc97",
                            "rendered": "10.2.9.1",
                            "template": "${gateway}",
                            "vars.%": "1",
                            "vars.gateway": "10.2.9.1"
                        },
                        "meta": {},
                        "tainted": false
                    },
                    "deposed": [],
                    "provider": "provider.template"
                }
            },
            "depends_on": []
        },
        {
            "path": [
                "root",
                "pas_certs"
            ],
            "outputs": {
                "ssl_cert": {
                    "sensitive": true,
                    "type": "string",
                    "value": "-----BEGIN CERTIFICATE-----\nMIIDwDCCAqigAwIBAgIJAL4+96otfbiyMA0GCSqGSIb3DQEBCwUAMEAxHzAdBgNV\nBAMMFioucGNmLmRjcC1ncmVlbmRvdC5jb20xEDAOBgNVBAoMB1Bpdm90YWwxCzAJ\nBgNVBAYTAlVTMB4XDTE5MDMyMjE1MzcxMFoXDTI5MDMxOTE1MzcxMFowQDEfMB0G\nA1UEAwwWKi5wY2YuZGNwLWdyZWVuZG90LmNvbTEQMA4GA1UECgwHUGl2b3RhbDEL\nMAkGA1UEBhMCVVMwggEiMA0GCSqGSIb3DQEBAQUAA4IBDwAwggEKAoIBAQCoCtEE\ncEle9+hBauUucIkVb4unSLlL9IsOz4Rnj2zOfuNm0nOpnkz4mji4NqoHCSL9JwVH\ndjebZpMj+BYJrYzBvJ7JGuMoM3J8YD5ejFrBEQm3Xklvl4bAukPZ9+7rgqtaOJR4\nxUwxWM/WV0d05jkgUIdQoYRM47wjjandDnEpFadXkgyDjDxKBxz9Prh22+1XGWxf\n7ctz2ocwtuCpKkj0RwY/Lr5OFWyjEIXcR7WllFsWSEncHZ6M0Qni9Q1ITivo3YL5\nVXDHID2r5ayt6lEfEFupBmNtNr4QuiwarbwkpWkPF3zWWR8VqOsUBnwZUMmtM9SW\nfghHcVoUSLd1CJl5AgMBAAGjgbwwgbkwCQYDVR0TBAIwADALBgNVHQ8EBAMCBeAw\ngZ4GA1UdEQSBljCBk4IWKi5wY2YuZGNwLWdyZWVuZG90LmNvbYIaKi5zeXMucGNm\nLmRjcC1ncmVlbmRvdC5jb22CGyouYXBwcy5wY2YuZGNwLWdyZWVuZG90LmNvbYIg\nKi5sb2dpbi5zeXMucGNmLmRjcC1ncmVlbmRvdC5jb22CHioudWFhLnN5cy5wY2Yu\nZGNwLWdyZWVuZG90LmNvbTANBgkqhkiG9w0BAQsFAAOCAQEAl8DDeeO7s5BqlJYk\nOEfeW8FXzJFJgkjKkCd3TG11D93oIOCAFQl5RfsJpI+kS8i62fD99hVEM39rWjJ/\nyJAW6vN9f32vwCMIHiOiGiCDGpFoa43thIWufm0lf6blQoxW5mnGh8AGFYx6+xRJ\nqjpJ6cdxV+hEOK09jSIG/2lFl5yDc5aVSkf4zKOPhfMW9Dryqvy1era1hlvTbkQx\nD17z36QnL3NNwBHU1dxj1fCp1MF352bCgTMmZdPi5UGnniABpeQ1H9e2OCiy0bOP\nNLJH0XKokZndrz18EL8f0eQowXinI5/QVTMCmFg7+oL4RRoTf4JP9s1u8OYNymc/\n2kBPIQ==\n-----END CERTIFICATE-----\n"
                },
                "ssl_private_key": {
                    "sensitive": true,
                    "type": "string",
                    "value": "-----BEGIN EXAMPLE RSA PRIVATE KEY-----\nMIIEpAIBAAKCAQEAqArRBHBJXvfoQWrlLnCJFW+Lp0i5S/SLDs+EZ49szn7jZtJz\nqZ5M+Jo4uDaqBwki/ScFR3Y3m2aTI/gWCa2MwbyeyRrjKDNyfGA+XoxawREJt15J\nb5eGwLpD2ffu64KrWjiUeMVMMVjP1ldHdOY5IFCHUKGETOO8I42p3Q5xKRWnV5IM\ng4w8Sgcc/T64dtvtVxlsX+3Lc9qHMLbgqSpI9EcGPy6+ThVsoxCF3Ee1pZRbFkhJ\n3B2ejNEJ4vUNSE4r6N2C+VVwxyA9q+WsrepRHxBbqQZjbTa+ELosGq28JKVpDxd8\n1lkfFajrFAZ8GVDJrTPUln4IR3FaFEi3dQiZeQIDAQABAoIBAQCnlfnz8kPJ+XTg\nYMnlMYgVH6RoFafuLxjLkXtbiHcbzQHeln2RKHVc7PkqBiI1WBBT5alnJme4jGir\n04uu5SzePc0hhLYMbpp7ncQ1qMYNi39kJx0XtEdIR7rJU3Er4KohFRJFC4a8I/VK\nrspts/g+2PDKIfp+cBQ+ZNaFxhRmwjrgFAsiNQsduhiViX6GHT+q+X/mBq3RuMMQ\nuva5EsBVOOFhmRM0SNWBgTLa1DCCpHnF5apcZ/0ziNpmYtjAtuT2oTd6sofkJMEj\nAoPc+tZlfWQz5QtZvZVjyTKMU1+sfwn1WkeUB1BIgqU/kShYsWQEAF/zN23SLkGI\nkiezF29NAoGBANI3P1aVMFbmfGz5rcVG5jkeAPMT0Z+C5bJ5jRm2I60BNadBc7Ad\nYBnUqHsHbvPLaIuWkpUv18ONhRE6m4JcTBCvhjZEg9m5ULNG8YLeVcJzpeGPffSe\nujIuCqDE2XpjhqB1EDcs2WlHPNS3rXe5RTQYwA1BxT+mbnE9rA+2kdc/AoGBAMyk\nJe/DF838l0trYaZsRqJljApT2/Oxqn2HY7eOWIYuCu7vxvOc+SPno8jHJj4WPFqF\ndT3YCsSJPktEOhIF21S8lNwpFvhvd2ou6ya08G/RwjMPIP4KvETQLSjaNt3vO/RQ\n3HIe7gLBzW7oW2oeio6pRslFeNxlEWMiV1OJ/1lHAoGAMzmnQ5ADQYnU1DFbePE3\n9L8s+A7iS/53vrAEBDnwI55h1qoKaOYfnuvFSoWbMellRm6gtZ388/gubu5bKr8X\nAhHjoKG9h3azBZzKCVvohgPsbjSrOsrbEJNLn7WYUUyjZ8Je+zMAn7juR9+ic8Q/\n6twFILXgPQxvaUTgAsw4ab0CgYA0fJGCWk57taJ0ZJlKHxFKy7LMX0/VxCbPRW9s\n/+RyndKOEA++Ie/ApsPaVkHXwMpACWTVtNimKfFBSsF+J+Rmamvfv+Y1WBmPsXL8\nnYHhnDIr+GBk6An7uE0s4jMaXybIdgjkeExhhqWTIaN4p1awWnheXSQvmviHraIq\nOgW1NwKBgQDDbTdE8v7pB7UbBNtPWPxuSqDAFdZxSoGMgbdp64BLnyKQyEdvlWrO\ntp6/zhZgcq8HNeDrHYc6r8GAyFqdtS1Qkp335zOixHQIjzc4Dgg//s1lJT1HrcCw\nvfv9yKGJWxu4gsgshvZ0QwUy7XJCnr1O4TK/+yvLBiZ2iGrFxkvXVQ==\n-----END EXAMPLE RSA PRIVATE KEY-----\n"
                }
            },
            "resources": {},
            "depends_on": []
        },
        {
            "path": [
                "root",
                "rds"
            ],
            "outputs": {
                "rds_address": {
                    "sensitive": false,
                    "type": "string",
                    "value": ""
                },
                "rds_db_name": {
                    "sensitive": false,
                    "type": "string",
                    "value": ""
                },
                "rds_password": {
                    "sensitive": true,
                    "type": "string",
                    "value": ""
                },
                "rds_port": {
                    "sensitive": false,
                    "type": "string",
                    "value": ""
                },
                "rds_username": {
                    "sensitive": false,
                    "type": "string",
                    "value": ""
                }
            },
            "resources": {
                "random_string.rds_password": {
                    "type": "random_string",
                    "depends_on": [],
                    "primary": {
                        "id": "none",
                        "attributes": {
                            "id": "none",
                            "length": "16",
                            "lower": "true",
                            "min_lower": "0",
                            "min_numeric": "0",
                            "min_special": "0",
                            "min_upper": "0",
                            "number": "true",
                            "result": "2tlRt25FucY2nav7",
                            "special": "false",
                            "upper": "true"
                        },
                        "meta": {
                            "schema_version": "1"
                        },
                        "tainted": false
                    },
                    "deposed": [],
                    "provider": "provider.random"
                }
            },
            "depends_on": []
        }
    ]
}
